// !$*UTF8*$!
{
	archiveVersion = 1;
	classes = {
	};
	objectVersion = 55;
	objects = {

/* Begin PBXBuildFile section */
		F1F00FFC2800AF10005DC240 /* Tests_iOS.swift in Sources */ = {isa = PBXBuildFile; fileRef = F1F00FFB2800AF10005DC240 /* Tests_iOS.swift */; };
		F1F00FFE2800AF10005DC240 /* Tests_iOSLaunchTests.swift in Sources */ = {isa = PBXBuildFile; fileRef = F1F00FFD2800AF10005DC240 /* Tests_iOSLaunchTests.swift */; };
		F1F010082800AF10005DC240 /* Tests_macOS.swift in Sources */ = {isa = PBXBuildFile; fileRef = F1F010072800AF10005DC240 /* Tests_macOS.swift */; };
		F1F0100A2800AF10005DC240 /* Tests_macOSLaunchTests.swift in Sources */ = {isa = PBXBuildFile; fileRef = F1F010092800AF10005DC240 /* Tests_macOSLaunchTests.swift */; };
		F1F0100B2800AF10005DC240 /* SDOApp.swift in Sources */ = {isa = PBXBuildFile; fileRef = F1F00FE32800AF0E005DC240 /* SDOApp.swift */; };
		F1F0100C2800AF10005DC240 /* SDOApp.swift in Sources */ = {isa = PBXBuildFile; fileRef = F1F00FE32800AF0E005DC240 /* SDOApp.swift */; };
		F1F0100D2800AF10005DC240 /* ContentView.swift in Sources */ = {isa = PBXBuildFile; fileRef = F1F00FE42800AF0E005DC240 /* ContentView.swift */; };
		F1F0100E2800AF10005DC240 /* ContentView.swift in Sources */ = {isa = PBXBuildFile; fileRef = F1F00FE42800AF0E005DC240 /* ContentView.swift */; };
		F1F0100F2800AF10005DC240 /* Assets.xcassets in Resources */ = {isa = PBXBuildFile; fileRef = F1F00FE52800AF10005DC240 /* Assets.xcassets */; };
		F1F010102800AF10005DC240 /* Assets.xcassets in Resources */ = {isa = PBXBuildFile; fileRef = F1F00FE52800AF10005DC240 /* Assets.xcassets */; };
/* End PBXBuildFile section */

/* Begin PBXContainerItemProxy section */
		F1F00FF82800AF10005DC240 /* PBXContainerItemProxy */ = {
			isa = PBXContainerItemProxy;
			containerPortal = F1F00FDE2800AF0E005DC240 /* Project object */;
			proxyType = 1;
			remoteGlobalIDString = F1F00FE92800AF10005DC240;
			remoteInfo = "SDO (iOS)";
		};
		F1F010042800AF10005DC240 /* PBXContainerItemProxy */ = {
			isa = PBXContainerItemProxy;
			containerPortal = F1F00FDE2800AF0E005DC240 /* Project object */;
			proxyType = 1;
			remoteGlobalIDString = F1F00FEF2800AF10005DC240;
			remoteInfo = "SDO (macOS)";
		};
/* End PBXContainerItemProxy section */

/* Begin PBXFileReference section */
		F1F00FE32800AF0E005DC240 /* SDOApp.swift */ = {isa = PBXFileReference; lastKnownFileType = sourcecode.swift; path = SDOApp.swift; sourceTree = "<group>"; };
		F1F00FE42800AF0E005DC240 /* ContentView.swift */ = {isa = PBXFileReference; lastKnownFileType = sourcecode.swift; path = ContentView.swift; sourceTree = "<group>"; };
		F1F00FE52800AF10005DC240 /* Assets.xcassets */ = {isa = PBXFileReference; lastKnownFileType = folder.assetcatalog; path = Assets.xcassets; sourceTree = "<group>"; };
		F1F00FEA2800AF10005DC240 /* SDO.app */ = {isa = PBXFileReference; explicitFileType = wrapper.application; includeInIndex = 0; path = SDO.app; sourceTree = BUILT_PRODUCTS_DIR; };
		F1F00FF02800AF10005DC240 /* SDO.app */ = {isa = PBXFileReference; explicitFileType = wrapper.application; includeInIndex = 0; path = SDO.app; sourceTree = BUILT_PRODUCTS_DIR; };
		F1F00FF22800AF10005DC240 /* macOS.entitlements */ = {isa = PBXFileReference; lastKnownFileType = text.plist.entitlements; path = macOS.entitlements; sourceTree = "<group>"; };
		F1F00FF72800AF10005DC240 /* Tests iOS.xctest */ = {isa = PBXFileReference; explicitFileType = wrapper.cfbundle; includeInIndex = 0; path = "Tests iOS.xctest"; sourceTree = BUILT_PRODUCTS_DIR; };
		F1F00FFB2800AF10005DC240 /* Tests_iOS.swift */ = {isa = PBXFileReference; lastKnownFileType = sourcecode.swift; path = Tests_iOS.swift; sourceTree = "<group>"; };
		F1F00FFD2800AF10005DC240 /* Tests_iOSLaunchTests.swift */ = {isa = PBXFileReference; lastKnownFileType = sourcecode.swift; path = Tests_iOSLaunchTests.swift; sourceTree = "<group>"; };
		F1F010032800AF10005DC240 /* Tests macOS.xctest */ = {isa = PBXFileReference; explicitFileType = wrapper.cfbundle; includeInIndex = 0; path = "Tests macOS.xctest"; sourceTree = BUILT_PRODUCTS_DIR; };
		F1F010072800AF10005DC240 /* Tests_macOS.swift */ = {isa = PBXFileReference; lastKnownFileType = sourcecode.swift; path = Tests_macOS.swift; sourceTree = "<group>"; };
		F1F010092800AF10005DC240 /* Tests_macOSLaunchTests.swift */ = {isa = PBXFileReference; lastKnownFileType = sourcecode.swift; path = Tests_macOSLaunchTests.swift; sourceTree = "<group>"; };
/* End PBXFileReference section */

/* Begin PBXFrameworksBuildPhase section */
		F1F00FE72800AF10005DC240 /* Frameworks */ = {
			isa = PBXFrameworksBuildPhase;
			buildActionMask = 2147483647;
			files = (
			);
			runOnlyForDeploymentPostprocessing = 0;
		};
		F1F00FED2800AF10005DC240 /* Frameworks */ = {
			isa = PBXFrameworksBuildPhase;
			buildActionMask = 2147483647;
			files = (
			);
			runOnlyForDeploymentPostprocessing = 0;
		};
		F1F00FF42800AF10005DC240 /* Frameworks */ = {
			isa = PBXFrameworksBuildPhase;
			buildActionMask = 2147483647;
			files = (
			);
			runOnlyForDeploymentPostprocessing = 0;
		};
		F1F010002800AF10005DC240 /* Frameworks */ = {
			isa = PBXFrameworksBuildPhase;
			buildActionMask = 2147483647;
			files = (
			);
			runOnlyForDeploymentPostprocessing = 0;
		};
/* End PBXFrameworksBuildPhase section */

/* Begin PBXGroup section */
		F1F00FDD2800AF0E005DC240 = {
			isa = PBXGroup;
			children = (
				F1F00FE22800AF0E005DC240 /* Shared */,
				F1F00FF12800AF10005DC240 /* macOS */,
				F1F00FFA2800AF10005DC240 /* Tests iOS */,
				F1F010062800AF10005DC240 /* Tests macOS */,
				F1F00FEB2800AF10005DC240 /* Products */,
			);
			sourceTree = "<group>";
		};
		F1F00FE22800AF0E005DC240 /* Shared */ = {
			isa = PBXGroup;
			children = (
				F1F00FE32800AF0E005DC240 /* SDOApp.swift */,
				F1F00FE42800AF0E005DC240 /* ContentView.swift */,
				F1F00FE52800AF10005DC240 /* Assets.xcassets */,
			);
			path = Shared;
			sourceTree = "<group>";
		};
		F1F00FEB2800AF10005DC240 /* Products */ = {
			isa = PBXGroup;
			children = (
				F1F00FEA2800AF10005DC240 /* SDO.app */,
				F1F00FF02800AF10005DC240 /* SDO.app */,
				F1F00FF72800AF10005DC240 /* Tests iOS.xctest */,
				F1F010032800AF10005DC240 /* Tests macOS.xctest */,
			);
			name = Products;
			sourceTree = "<group>";
		};
		F1F00FF12800AF10005DC240 /* macOS */ = {
			isa = PBXGroup;
			children = (
				F1F00FF22800AF10005DC240 /* macOS.entitlements */,
			);
			path = macOS;
			sourceTree = "<group>";
		};
		F1F00FFA2800AF10005DC240 /* Tests iOS */ = {
			isa = PBXGroup;
			children = (
				F1F00FFB2800AF10005DC240 /* Tests_iOS.swift */,
				F1F00FFD2800AF10005DC240 /* Tests_iOSLaunchTests.swift */,
			);
			path = "Tests iOS";
			sourceTree = "<group>";
		};
		F1F010062800AF10005DC240 /* Tests macOS */ = {
			isa = PBXGroup;
			children = (
				F1F010072800AF10005DC240 /* Tests_macOS.swift */,
				F1F010092800AF10005DC240 /* Tests_macOSLaunchTests.swift */,
			);
			path = "Tests macOS";
			sourceTree = "<group>";
		};
/* End PBXGroup section */

/* Begin PBXNativeTarget section */
		F1F00FE92800AF10005DC240 /* SDO (iOS) */ = {
			isa = PBXNativeTarget;
			buildConfigurationList = F1F010132800AF10005DC240 /* Build configuration list for PBXNativeTarget "SDO (iOS)" */;
			buildPhases = (
				F1F00FE62800AF10005DC240 /* Sources */,
				F1F00FE72800AF10005DC240 /* Frameworks */,
				F1F00FE82800AF10005DC240 /* Resources */,
			);
			buildRules = (
			);
			dependencies = (
			);
			name = "SDO (iOS)";
			productName = "SDO (iOS)";
			productReference = F1F00FEA2800AF10005DC240 /* SDO.app */;
			productType = "com.apple.product-type.application";
		};
		F1F00FEF2800AF10005DC240 /* SDO (macOS) */ = {
			isa = PBXNativeTarget;
			buildConfigurationList = F1F010162800AF10005DC240 /* Build configuration list for PBXNativeTarget "SDO (macOS)" */;
			buildPhases = (
				F1F00FEC2800AF10005DC240 /* Sources */,
				F1F00FED2800AF10005DC240 /* Frameworks */,
				F1F00FEE2800AF10005DC240 /* Resources */,
			);
			buildRules = (
			);
			dependencies = (
			);
			name = "SDO (macOS)";
			productName = "SDO (macOS)";
			productReference = F1F00FF02800AF10005DC240 /* SDO.app */;
			productType = "com.apple.product-type.application";
		};
		F1F00FF62800AF10005DC240 /* Tests iOS */ = {
			isa = PBXNativeTarget;
			buildConfigurationList = F1F010192800AF10005DC240 /* Build configuration list for PBXNativeTarget "Tests iOS" */;
			buildPhases = (
				F1F00FF32800AF10005DC240 /* Sources */,
				F1F00FF42800AF10005DC240 /* Frameworks */,
				F1F00FF52800AF10005DC240 /* Resources */,
			);
			buildRules = (
			);
			dependencies = (
				F1F00FF92800AF10005DC240 /* PBXTargetDependency */,
			);
			name = "Tests iOS";
			productName = "Tests iOS";
			productReference = F1F00FF72800AF10005DC240 /* Tests iOS.xctest */;
			productType = "com.apple.product-type.bundle.ui-testing";
		};
		F1F010022800AF10005DC240 /* Tests macOS */ = {
			isa = PBXNativeTarget;
			buildConfigurationList = F1F0101C2800AF10005DC240 /* Build configuration list for PBXNativeTarget "Tests macOS" */;
			buildPhases = (
				F1F00FFF2800AF10005DC240 /* Sources */,
				F1F010002800AF10005DC240 /* Frameworks */,
				F1F010012800AF10005DC240 /* Resources */,
			);
			buildRules = (
			);
			dependencies = (
				F1F010052800AF10005DC240 /* PBXTargetDependency */,
			);
			name = "Tests macOS";
			productName = "Tests macOS";
			productReference = F1F010032800AF10005DC240 /* Tests macOS.xctest */;
			productType = "com.apple.product-type.bundle.ui-testing";
		};
/* End PBXNativeTarget section */

/* Begin PBXProject section */
		F1F00FDE2800AF0E005DC240 /* Project object */ = {
			isa = PBXProject;
			attributes = {
				BuildIndependentTargetsInParallel = 1;
				LastSwiftUpdateCheck = 1300;
				LastUpgradeCheck = 1300;
				TargetAttributes = {
					F1F00FE92800AF10005DC240 = {
						CreatedOnToolsVersion = 13.0;
					};
					F1F00FEF2800AF10005DC240 = {
						CreatedOnToolsVersion = 13.0;
					};
					F1F00FF62800AF10005DC240 = {
						CreatedOnToolsVersion = 13.0;
						TestTargetID = F1F00FE92800AF10005DC240;
					};
					F1F010022800AF10005DC240 = {
						CreatedOnToolsVersion = 13.0;
						TestTargetID = F1F00FEF2800AF10005DC240;
					};
				};
			};
			buildConfigurationList = F1F00FE12800AF0E005DC240 /* Build configuration list for PBXProject "SDO" */;
			compatibilityVersion = "Xcode 13.0";
			developmentRegion = en;
			hasScannedForEncodings = 0;
			knownRegions = (
				en,
				Base,
			);
			mainGroup = F1F00FDD2800AF0E005DC240;
			productRefGroup = F1F00FEB2800AF10005DC240 /* Products */;
			projectDirPath = "";
			projectRoot = "";
			targets = (
				F1F00FE92800AF10005DC240 /* SDO (iOS) */,
				F1F00FEF2800AF10005DC240 /* SDO (macOS) */,
				F1F00FF62800AF10005DC240 /* Tests iOS */,
				F1F010022800AF10005DC240 /* Tests macOS */,
			);
		};
/* End PBXProject section */

/* Begin PBXResourcesBuildPhase section */
		F1F00FE82800AF10005DC240 /* Resources */ = {
			isa = PBXResourcesBuildPhase;
			buildActionMask = 2147483647;
			files = (
				F1F0100F2800AF10005DC240 /* Assets.xcassets in Resources */,
			);
			runOnlyForDeploymentPostprocessing = 0;
		};
		F1F00FEE2800AF10005DC240 /* Resources */ = {
			isa = PBXResourcesBuildPhase;
			buildActionMask = 2147483647;
			files = (
				F1F010102800AF10005DC240 /* Assets.xcassets in Resources */,
			);
			runOnlyForDeploymentPostprocessing = 0;
		};
		F1F00FF52800AF10005DC240 /* Resources */ = {
			isa = PBXResourcesBuildPhase;
			buildActionMask = 2147483647;
			files = (
			);
			runOnlyForDeploymentPostprocessing = 0;
		};
		F1F010012800AF10005DC240 /* Resources */ = {
			isa = PBXResourcesBuildPhase;
			buildActionMask = 2147483647;
			files = (
			);
			runOnlyForDeploymentPostprocessing = 0;
		};
/* End PBXResourcesBuildPhase section */

/* Begin PBXSourcesBuildPhase section */
		F1F00FE62800AF10005DC240 /* Sources */ = {
			isa = PBXSourcesBuildPhase;
			buildActionMask = 2147483647;
			files = (
				F1F0100D2800AF10005DC240 /* ContentView.swift in Sources */,
				F1F0100B2800AF10005DC240 /* SDOApp.swift in Sources */,
			);
			runOnlyForDeploymentPostprocessing = 0;
		};
		F1F00FEC2800AF10005DC240 /* Sources */ = {
			isa = PBXSourcesBuildPhase;
			buildActionMask = 2147483647;
			files = (
				F1F0100E2800AF10005DC240 /* ContentView.swift in Sources */,
				F1F0100C2800AF10005DC240 /* SDOApp.swift in Sources */,
			);
			runOnlyForDeploymentPostprocessing = 0;
		};
		F1F00FF32800AF10005DC240 /* Sources */ = {
			isa = PBXSourcesBuildPhase;
			buildActionMask = 2147483647;
			files = (
				F1F00FFE2800AF10005DC240 /* Tests_iOSLaunchTests.swift in Sources */,
				F1F00FFC2800AF10005DC240 /* Tests_iOS.swift in Sources */,
			);
			runOnlyForDeploymentPostprocessing = 0;
		};
		F1F00FFF2800AF10005DC240 /* Sources */ = {
			isa = PBXSourcesBuildPhase;
			buildActionMask = 2147483647;
			files = (
				F1F0100A2800AF10005DC240 /* Tests_macOSLaunchTests.swift in Sources */,
				F1F010082800AF10005DC240 /* Tests_macOS.swift in Sources */,
			);
			runOnlyForDeploymentPostprocessing = 0;
		};
/* End PBXSourcesBuildPhase section */

/* Begin PBXTargetDependency section */
		F1F00FF92800AF10005DC240 /* PBXTargetDependency */ = {
			isa = PBXTargetDependency;
			target = F1F00FE92800AF10005DC240 /* SDO (iOS) */;
			targetProxy = F1F00FF82800AF10005DC240 /* PBXContainerItemProxy */;
		};
		F1F010052800AF10005DC240 /* PBXTargetDependency */ = {
			isa = PBXTargetDependency;
			target = F1F00FEF2800AF10005DC240 /* SDO (macOS) */;
			targetProxy = F1F010042800AF10005DC240 /* PBXContainerItemProxy */;
		};
/* End PBXTargetDependency section */

/* Begin XCBuildConfiguration section */
		F1F010112800AF10005DC240 /* Debug */ = {
			isa = XCBuildConfiguration;
			buildSettings = {
				ALWAYS_SEARCH_USER_PATHS = NO;
				CLANG_ANALYZER_NONNULL = YES;
				CLANG_ANALYZER_NUMBER_OBJECT_CONVERSION = YES_AGGRESSIVE;
				CLANG_CXX_LANGUAGE_STANDARD = "gnu++17";
				CLANG_CXX_LIBRARY = "libc++";
				CLANG_ENABLE_MODULES = YES;
				CLANG_ENABLE_OBJC_ARC = YES;
				CLANG_ENABLE_OBJC_WEAK = YES;
				CLANG_WARN_BLOCK_CAPTURE_AUTORELEASING = YES;
				CLANG_WARN_BOOL_CONVERSION = YES;
				CLANG_WARN_COMMA = YES;
				CLANG_WARN_CONSTANT_CONVERSION = YES;
				CLANG_WARN_DEPRECATED_OBJC_IMPLEMENTATIONS = YES;
				CLANG_WARN_DIRECT_OBJC_ISA_USAGE = YES_ERROR;
				CLANG_WARN_DOCUMENTATION_COMMENTS = YES;
				CLANG_WARN_EMPTY_BODY = YES;
				CLANG_WARN_ENUM_CONVERSION = YES;
				CLANG_WARN_INFINITE_RECURSION = YES;
				CLANG_WARN_INT_CONVERSION = YES;
				CLANG_WARN_NON_LITERAL_NULL_CONVERSION = YES;
				CLANG_WARN_OBJC_IMPLICIT_RETAIN_SELF = YES;
				CLANG_WARN_OBJC_LITERAL_CONVERSION = YES;
				CLANG_WARN_OBJC_ROOT_CLASS = YES_ERROR;
				CLANG_WARN_QUOTED_INCLUDE_IN_FRAMEWORK_HEADER = YES;
				CLANG_WARN_RANGE_LOOP_ANALYSIS = YES;
				CLANG_WARN_STRICT_PROTOTYPES = YES;
				CLANG_WARN_SUSPICIOUS_MOVE = YES;
				CLANG_WARN_UNGUARDED_AVAILABILITY = YES_AGGRESSIVE;
				CLANG_WARN_UNREACHABLE_CODE = YES;
				CLANG_WARN__DUPLICATE_METHOD_MATCH = YES;
				COPY_PHASE_STRIP = NO;
				DEBUG_INFORMATION_FORMAT = dwarf;
				ENABLE_STRICT_OBJC_MSGSEND = YES;
				ENABLE_TESTABILITY = YES;
				GCC_C_LANGUAGE_STANDARD = gnu11;
				GCC_DYNAMIC_NO_PIC = NO;
				GCC_NO_COMMON_BLOCKS = YES;
				GCC_OPTIMIZATION_LEVEL = 0;
				GCC_PREPROCESSOR_DEFINITIONS = (
					"DEBUG=1",
					"$(inherited)",
				);
				GCC_WARN_64_TO_32_BIT_CONVERSION = YES;
				GCC_WARN_ABOUT_RETURN_TYPE = YES_ERROR;
				GCC_WARN_UNDECLARED_SELECTOR = YES;
				GCC_WARN_UNINITIALIZED_AUTOS = YES_AGGRESSIVE;
				GCC_WARN_UNUSED_FUNCTION = YES;
				GCC_WARN_UNUSED_VARIABLE = YES;
				MTL_ENABLE_DEBUG_INFO = INCLUDE_SOURCE;
				MTL_FAST_MATH = YES;
				ONLY_ACTIVE_ARCH = YES;
				SWIFT_ACTIVE_COMPILATION_CONDITIONS = DEBUG;
				SWIFT_OPTIMIZATION_LEVEL = "-Onone";
			};
			name = Debug;
		};
		F1F010122800AF10005DC240 /* Release */ = {
			isa = XCBuildConfiguration;
			buildSettings = {
				ALWAYS_SEARCH_USER_PATHS = NO;
				CLANG_ANALYZER_NONNULL = YES;
				CLANG_ANALYZER_NUMBER_OBJECT_CONVERSION = YES_AGGRESSIVE;
				CLANG_CXX_LANGUAGE_STANDARD = "gnu++17";
				CLANG_CXX_LIBRARY = "libc++";
				CLANG_ENABLE_MODULES = YES;
				CLANG_ENABLE_OBJC_ARC = YES;
				CLANG_ENABLE_OBJC_WEAK = YES;
				CLANG_WARN_BLOCK_CAPTURE_AUTORELEASING = YES;
				CLANG_WARN_BOOL_CONVERSION = YES;
				CLANG_WARN_COMMA = YES;
				CLANG_WARN_CONSTANT_CONVERSION = YES;
				CLANG_WARN_DEPRECATED_OBJC_IMPLEMENTATIONS = YES;
				CLANG_WARN_DIRECT_OBJC_ISA_USAGE = YES_ERROR;
				CLANG_WARN_DOCUMENTATION_COMMENTS = YES;
				CLANG_WARN_EMPTY_BODY = YES;
				CLANG_WARN_ENUM_CONVERSION = YES;
				CLANG_WARN_INFINITE_RECURSION = YES;
				CLANG_WARN_INT_CONVERSION = YES;
				CLANG_WARN_NON_LITERAL_NULL_CONVERSION = YES;
				CLANG_WARN_OBJC_IMPLICIT_RETAIN_SELF = YES;
				CLANG_WARN_OBJC_LITERAL_CONVERSION = YES;
				CLANG_WARN_OBJC_ROOT_CLASS = YES_ERROR;
				CLANG_WARN_QUOTED_INCLUDE_IN_FRAMEWORK_HEADER = YES;
				CLANG_WARN_RANGE_LOOP_ANALYSIS = YES;
				CLANG_WARN_STRICT_PROTOTYPES = YES;
				CLANG_WARN_SUSPICIOUS_MOVE = YES;
				CLANG_WARN_UNGUARDED_AVAILABILITY = YES_AGGRESSIVE;
				CLANG_WARN_UNREACHABLE_CODE = YES;
				CLANG_WARN__DUPLICATE_METHOD_MATCH = YES;
				COPY_PHASE_STRIP = NO;
				DEBUG_INFORMATION_FORMAT = "dwarf-with-dsym";
				ENABLE_NS_ASSERTIONS = NO;
				ENABLE_STRICT_OBJC_MSGSEND = YES;
				GCC_C_LANGUAGE_STANDARD = gnu11;
				GCC_NO_COMMON_BLOCKS = YES;
				GCC_WARN_64_TO_32_BIT_CONVERSION = YES;
				GCC_WARN_ABOUT_RETURN_TYPE = YES_ERROR;
				GCC_WARN_UNDECLARED_SELECTOR = YES;
				GCC_WARN_UNINITIALIZED_AUTOS = YES_AGGRESSIVE;
				GCC_WARN_UNUSED_FUNCTION = YES;
				GCC_WARN_UNUSED_VARIABLE = YES;
				MTL_ENABLE_DEBUG_INFO = NO;
				MTL_FAST_MATH = YES;
				SWIFT_COMPILATION_MODE = wholemodule;
				SWIFT_OPTIMIZATION_LEVEL = "-O";
			};
			name = Release;
		};
		F1F010142800AF10005DC240 /* Debug */ = {
			isa = XCBuildConfiguration;
			buildSettings = {
				ASSETCATALOG_COMPILER_APPICON_NAME = AppIcon;
				ASSETCATALOG_COMPILER_GLOBAL_ACCENT_COLOR_NAME = AccentColor;
				CODE_SIGN_STYLE = Automatic;
				CURRENT_PROJECT_VERSION = 1;
				DEVELOPMENT_TEAM = A5U7V8A368;
				ENABLE_PREVIEWS = YES;
				GENERATE_INFOPLIST_FILE = YES;
				INFOPLIST_KEY_UIApplicationSceneManifest_Generation = YES;
				INFOPLIST_KEY_UIApplicationSupportsIndirectInputEvents = YES;
				INFOPLIST_KEY_UILaunchScreen_Generation = YES;
				INFOPLIST_KEY_UISupportedInterfaceOrientations_iPad = "UIInterfaceOrientationPortrait UIInterfaceOrientationPortraitUpsideDown UIInterfaceOrientationLandscapeLeft UIInterfaceOrientationLandscapeRight";
				INFOPLIST_KEY_UISupportedInterfaceOrientations_iPhone = "UIInterfaceOrientationPortrait UIInterfaceOrientationLandscapeLeft UIInterfaceOrientationLandscapeRight";
				IPHONEOS_DEPLOYMENT_TARGET = 14.0;
				LD_RUNPATH_SEARCH_PATHS = (
					"$(inherited)",
					"@executable_path/Frameworks",
				);
				MARKETING_VERSION = 1.0;
				PRODUCT_BUNDLE_IDENTIFIER = online.sounddoctrine.SDO;
				PRODUCT_NAME = SDO;
				SDKROOT = iphoneos;
				SWIFT_EMIT_LOC_STRINGS = YES;
				SWIFT_VERSION = 5.0;
				TARGETED_DEVICE_FAMILY = "1,2";
			};
			name = Debug;
		};
		F1F010152800AF10005DC240 /* Release */ = {
			isa = XCBuildConfiguration;
			buildSettings = {
				ASSETCATALOG_COMPILER_APPICON_NAME = AppIcon;
				ASSETCATALOG_COMPILER_GLOBAL_ACCENT_COLOR_NAME = AccentColor;
				CODE_SIGN_STYLE = Automatic;
				CURRENT_PROJECT_VERSION = 1;
				DEVELOPMENT_TEAM = A5U7V8A368;
				ENABLE_PREVIEWS = YES;
				GENERATE_INFOPLIST_FILE = YES;
				INFOPLIST_KEY_UIApplicationSceneManifest_Generation = YES;
				INFOPLIST_KEY_UIApplicationSupportsIndirectInputEvents = YES;
				INFOPLIST_KEY_UILaunchScreen_Generation = YES;
				INFOPLIST_KEY_UISupportedInterfaceOrientations_iPad = "UIInterfaceOrientationPortrait UIInterfaceOrientationPortraitUpsideDown UIInterfaceOrientationLandscapeLeft UIInterfaceOrientationLandscapeRight";
				INFOPLIST_KEY_UISupportedInterfaceOrientations_iPhone = "UIInterfaceOrientationPortrait UIInterfaceOrientationLandscapeLeft UIInterfaceOrientationLandscapeRight";
				IPHONEOS_DEPLOYMENT_TARGET = 14.0;
				LD_RUNPATH_SEARCH_PATHS = (
					"$(inherited)",
					"@executable_path/Frameworks",
				);
				MARKETING_VERSION = 1.0;
				PRODUCT_BUNDLE_IDENTIFIER = online.sounddoctrine.SDO;
				PRODUCT_NAME = SDO;
				SDKROOT = iphoneos;
				SWIFT_EMIT_LOC_STRINGS = YES;
				SWIFT_VERSION = 5.0;
				TARGETED_DEVICE_FAMILY = "1,2";
				VALIDATE_PRODUCT = YES;
			};
			name = Release;
		};
		F1F010172800AF10005DC240 /* Debug */ = {
			isa = XCBuildConfiguration;
			buildSettings = {
				ASSETCATALOG_COMPILER_APPICON_NAME = AppIcon;
				ASSETCATALOG_COMPILER_GLOBAL_ACCENT_COLOR_NAME = AccentColor;
				CODE_SIGN_ENTITLEMENTS = macOS/macOS.entitlements;
				CODE_SIGN_STYLE = Automatic;
				COMBINE_HIDPI_IMAGES = YES;
				CURRENT_PROJECT_VERSION = 1;
				DEVELOPMENT_TEAM = A5U7V8A368;
				ENABLE_HARDENED_RUNTIME = YES;
				ENABLE_PREVIEWS = YES;
				GENERATE_INFOPLIST_FILE = YES;
				INFOPLIST_KEY_NSHumanReadableCopyright = "";
				LD_RUNPATH_SEARCH_PATHS = (
					"$(inherited)",
					"@executable_path/../Frameworks",
				);
				MACOSX_DEPLOYMENT_TARGET = 11.0;
				MARKETING_VERSION = 1.0;
				PRODUCT_BUNDLE_IDENTIFIER = online.sounddoctrine.SDO;
				PRODUCT_NAME = SDO;
				SDKROOT = macosx;
				SWIFT_EMIT_LOC_STRINGS = YES;
				SWIFT_VERSION = 5.0;
			};
			name = Debug;
		};
		F1F010182800AF10005DC240 /* Release */ = {
			isa = XCBuildConfiguration;
			buildSettings = {
				ASSETCATALOG_COMPILER_APPICON_NAME = AppIcon;
				ASSETCATALOG_COMPILER_GLOBAL_ACCENT_COLOR_NAME = AccentColor;
				CODE_SIGN_ENTITLEMENTS = macOS/macOS.entitlements;
				CODE_SIGN_STYLE = Automatic;
				COMBINE_HIDPI_IMAGES = YES;
				CURRENT_PROJECT_VERSION = 1;
				DEVELOPMENT_TEAM = A5U7V8A368;
				ENABLE_HARDENED_RUNTIME = YES;
				ENABLE_PREVIEWS = YES;
				GENERATE_INFOPLIST_FILE = YES;
				INFOPLIST_KEY_NSHumanReadableCopyright = "";
				LD_RUNPATH_SEARCH_PATHS = (
					"$(inherited)",
					"@executable_path/../Frameworks",
				);
				MACOSX_DEPLOYMENT_TARGET = 11.0;
				MARKETING_VERSION = 1.0;
				PRODUCT_BUNDLE_IDENTIFIER = online.sounddoctrine.SDO;
				PRODUCT_NAME = SDO;
				SDKROOT = macosx;
				SWIFT_EMIT_LOC_STRINGS = YES;
				SWIFT_VERSION = 5.0;
			};
			name = Release;
		};
		F1F0101A2800AF10005DC240 /* Debug */ = {
			isa = XCBuildConfiguration;
			buildSettings = {
				ALWAYS_EMBED_SWIFT_STANDARD_LIBRARIES = YES;
				CODE_SIGN_STYLE = Automatic;
				CURRENT_PROJECT_VERSION = 1;
				DEVELOPMENT_TEAM = A5U7V8A368;
				GENERATE_INFOPLIST_FILE = YES;
				IPHONEOS_DEPLOYMENT_TARGET = 15.0;
				LD_RUNPATH_SEARCH_PATHS = (
					"$(inherited)",
					"@executable_path/Frameworks",
					"@loader_path/Frameworks",
				);
				MARKETING_VERSION = 1.0;
				PRODUCT_BUNDLE_IDENTIFIER = "online.sounddoctrine.Tests-iOS";
				PRODUCT_NAME = "$(TARGET_NAME)";
				SDKROOT = iphoneos;
				SWIFT_EMIT_LOC_STRINGS = NO;
				SWIFT_VERSION = 5.0;
				TARGETED_DEVICE_FAMILY = "1,2";
				TEST_TARGET_NAME = "SDO (iOS)";
			};
			name = Debug;
		};
		F1F0101B2800AF10005DC240 /* Release */ = {
			isa = XCBuildConfiguration;
			buildSettings = {
				ALWAYS_EMBED_SWIFT_STANDARD_LIBRARIES = YES;
				CODE_SIGN_STYLE = Automatic;
				CURRENT_PROJECT_VERSION = 1;
				DEVELOPMENT_TEAM = A5U7V8A368;
				GENERATE_INFOPLIST_FILE = YES;
				IPHONEOS_DEPLOYMENT_TARGET = 15.0;
				LD_RUNPATH_SEARCH_PATHS = (
					"$(inherited)",
					"@executable_path/Frameworks",
					"@loader_path/Frameworks",
				);
				MARKETING_VERSION = 1.0;
				PRODUCT_BUNDLE_IDENTIFIER = "online.sounddoctrine.Tests-iOS";
				PRODUCT_NAME = "$(TARGET_NAME)";
				SDKROOT = iphoneos;
				SWIFT_EMIT_LOC_STRINGS = NO;
				SWIFT_VERSION = 5.0;
				TARGETED_DEVICE_FAMILY = "1,2";
				TEST_TARGET_NAME = "SDO (iOS)";
				VALIDATE_PRODUCT = YES;
			};
			name = Release;
		};
		F1F0101D2800AF10005DC240 /* Debug */ = {
			isa = XCBuildConfiguration;
			buildSettings = {
				ALWAYS_EMBED_SWIFT_STANDARD_LIBRARIES = YES;
				CODE_SIGN_STYLE = Automatic;
				COMBINE_HIDPI_IMAGES = YES;
				CURRENT_PROJECT_VERSION = 1;
				DEVELOPMENT_TEAM = A5U7V8A368;
				GENERATE_INFOPLIST_FILE = YES;
				LD_RUNPATH_SEARCH_PATHS = (
					"$(inherited)",
					"@executable_path/../Frameworks",
					"@loader_path/../Frameworks",
				);
				MACOSX_DEPLOYMENT_TARGET = 11.3;
				MARKETING_VERSION = 1.0;
				PRODUCT_BUNDLE_IDENTIFIER = "online.sounddoctrine.Tests-macOS";
				PRODUCT_NAME = "$(TARGET_NAME)";
				SDKROOT = macosx;
				SWIFT_EMIT_LOC_STRINGS = NO;
				SWIFT_VERSION = 5.0;
				TEST_TARGET_NAME = "SDO (macOS)";
			};
			name = Debug;
		};
		F1F0101E2800AF10005DC240 /* Release */ = {
			isa = XCBuildConfiguration;
			buildSettings = {
				ALWAYS_EMBED_SWIFT_STANDARD_LIBRARIES = YES;
				CODE_SIGN_STYLE = Automatic;
				COMBINE_HIDPI_IMAGES = YES;
				CURRENT_PROJECT_VERSION = 1;
				DEVELOPMENT_TEAM = A5U7V8A368;
				GENERATE_INFOPLIST_FILE = YES;
				LD_RUNPATH_SEARCH_PATHS = (
					"$(inherited)",
					"@executable_path/../Frameworks",
					"@loader_path/../Frameworks",
				);
				MACOSX_DEPLOYMENT_TARGET = 11.3;
				MARKETING_VERSION = 1.0;
				PRODUCT_BUNDLE_IDENTIFIER = "online.sounddoctrine.Tests-macOS";
				PRODUCT_NAME = "$(TARGET_NAME)";
				SDKROOT = macosx;
				SWIFT_EMIT_LOC_STRINGS = NO;
				SWIFT_VERSION = 5.0;
				TEST_TARGET_NAME = "SDO (macOS)";
			};
			name = Release;
		};
/* End XCBuildConfiguration section */

/* Begin XCConfigurationList section */
		F1F00FE12800AF0E005DC240 /* Build configuration list for PBXProject "SDO" */ = {
			isa = XCConfigurationList;
			buildConfigurations = (
				F1F010112800AF10005DC240 /* Debug */,
				F1F010122800AF10005DC240 /* Release */,
			);
			defaultConfigurationIsVisible = 0;
			defaultConfigurationName = Release;
		};
		F1F010132800AF10005DC240 /* Build configuration list for PBXNativeTarget "SDO (iOS)" */ = {
			isa = XCConfigurationList;
			buildConfigurations = (
				F1F010142800AF10005DC240 /* Debug */,
				F1F010152800AF10005DC240 /* Release */,
			);
			defaultConfigurationIsVisible = 0;
			defaultConfigurationName = Release;
		};
		F1F010162800AF10005DC240 /* Build configuration list for PBXNativeTarget "SDO (macOS)" */ = {
			isa = XCConfigurationList;
			buildConfigurations = (
				F1F010172800AF10005DC240 /* Debug */,
				F1F010182800AF10005DC240 /* Release */,
			);
			defaultConfigurationIsVisible = 0;
			defaultConfigurationName = Release;
		};
		F1F010192800AF10005DC240 /* Build configuration list for PBXNativeTarget "Tests iOS" */ = {
			isa = XCConfigurationList;
			buildConfigurations = (
				F1F0101A2800AF10005DC240 /* Debug */,
				F1F0101B2800AF10005DC240 /* Release */,
			);
			defaultConfigurationIsVisible = 0;
			defaultConfigurationName = Release;
		};
		F1F0101C2800AF10005DC240 /* Build configuration list for PBXNativeTarget "Tests macOS" */ = {
			isa = XCConfigurationList;
			buildConfigurations = (
				F1F0101D2800AF10005DC240 /* Debug */,
				F1F0101E2800AF10005DC240 /* Release */,
			);
			defaultConfigurationIsVisible = 0;
			defaultConfigurationName = Release;
		};
/* End XCConfigurationList section */
	};
	rootObject = F1F00FDE2800AF0E005DC240 /* Project object */;
}
