// !$*UTF8*$!
{
	archiveVersion = 1;
	classes = {
	};
	objectVersion = 70;
	objects = {

/* Begin PBXBuildFile section */
		F139837E28821964004A2375 /* FirebaseDatabaseSwift in Frameworks */ = {isa = PBXBuildFile; productRef = F139837D28821964004A2375 /* FirebaseDatabaseSwift */; };
		F13983CE28906EDA004A2375 /* schema.json in Resources */ = {isa = PBXBuildFile; fileRef = F13983CD28906ED9004A2375 /* schema.json */; };
		F175038B2DF0C8C300887507 /* GoogleSignIn in Frameworks */ = {isa = PBXBuildFile; productRef = F175038A2DF0C8C300887507 /* GoogleSignIn */; };
		F17D713E2DF0B08300E3FDBE /* FirebaseAuth in Frameworks */ = {isa = PBXBuildFile; productRef = F17D713D2DF0B08300E3FDBE /* FirebaseAuth */; };
		F1838D092A67BFCE00DAAC79 /* Lottie in Frameworks */ = {isa = PBXBuildFile; productRef = F1838D082A67BFCE00DAAC79 /* Lottie */; };
		F19512EF28EF329E00DF4E2E /* ApiConstants.swift in Sources */ = {isa = PBXBuildFile; fileRef = F19512EE28EF329E00DF4E2E /* ApiConstants.swift */; };
		F19512F028EF329E00DF4E2E /* ApiConstants.swift in Sources */ = {isa = PBXBuildFile; fileRef = F19512EE28EF329E00DF4E2E /* ApiConstants.swift */; };
		F1E493D52866FAB0008611D7 /* Kingfisher in Frameworks */ = {isa = PBXBuildFile; productRef = F1E493D42866FAB0008611D7 /* Kingfisher */; };
		F1E493E228679EB3008611D7 /* FirebaseAuth in Frameworks */ = {isa = PBXBuildFile; productRef = F1E493E128679EB3008611D7 /* FirebaseAuth */; };
		F1E493E628679EB3008611D7 /* FirebaseDynamicLinks in Frameworks */ = {isa = PBXBuildFile; productRef = F1E493E528679EB3008611D7 /* FirebaseDynamicLinks */; };
		F1E493EA28679EB3008611D7 /* FirebaseRemoteConfigSwift in Frameworks */ = {isa = PBXBuildFile; productRef = F1E493E928679EB3008611D7 /* FirebaseRemoteConfigSwift */; };
		F1E493EC28679EB3008611D7 /* FirebaseStorage in Frameworks */ = {isa = PBXBuildFile; productRef = F1E493EB28679EB3008611D7 /* FirebaseStorage */; };
		F1E494042868D065008611D7 /* GoogleSignInSwift in Frameworks */ = {isa = PBXBuildFile; productRef = F1E494032868D065008611D7 /* GoogleSignInSwift */; };
		F1E494092868E0FE008611D7 /* GoogleService-Info.plist in Resources */ = {isa = PBXBuildFile; fileRef = F1E494082868E0FE008611D7 /* GoogleService-Info.plist */; };
		F1E4940A2868E0FF008611D7 /* GoogleService-Info.plist in Resources */ = {isa = PBXBuildFile; fileRef = F1E494082868E0FE008611D7 /* GoogleService-Info.plist */; };
		F1EE14EE286EFB320020CD74 /* Apollo in Frameworks */ = {isa = PBXBuildFile; productRef = F1EE14ED286EFB320020CD74 /* Apollo */; };
		F1EE14F0286EFB320020CD74 /* ApolloWebSocket in Frameworks */ = {isa = PBXBuildFile; productRef = F1EE14EF286EFB320020CD74 /* ApolloWebSocket */; };
		F1F0100F2800AF10005DC240 /* Assets.xcassets in Resources */ = {isa = PBXBuildFile; fileRef = F1F00FE52800AF10005DC240 /* Assets.xcassets */; };
		F1F010102800AF10005DC240 /* Assets.xcassets in Resources */ = {isa = PBXBuildFile; fileRef = F1F00FE52800AF10005DC240 /* Assets.xcassets */; };
/* End PBXBuildFile section */

/* Begin PBXContainerItemProxy section */
		5D733EC52DF5D38A00DB4823 /* PBXContainerItemProxy */ = {
			isa = PBXContainerItemProxy;
			containerPortal = F1F00FDE2800AF0E005DC240 /* Project object */;
			proxyType = 1;
			remoteGlobalIDString = F1F00FE92800AF10005DC240;
			remoteInfo = "SDO (iOS)";
		};
		F1F00FF82800AF10005DC240 /* PBXContainerItemProxy */ = {
			isa = PBXContainerItemProxy;
			containerPortal = F1F00FDE2800AF0E005DC240 /* Project object */;
			proxyType = 1;
			remoteGlobalIDString = F1F00FE92800AF10005DC240;
			remoteInfo = "SDO (iOS)";
		};
		F1F010042800AF10005DC240 /* PBXContainerItemProxy */ = {
			isa = PBXContainerItemProxy;
			containerPortal = F1F00FDE2800AF0E005DC240 /* Project object */;
			proxyType = 1;
			remoteGlobalIDString = F1F00FEF2800AF10005DC240;
			remoteInfo = "SDO (macOS)";
		};
/* End PBXContainerItemProxy section */

/* Begin PBXFileReference section */
		5D733EC12DF5D38A00DB4823 /* SDOTests.xctest */ = {isa = PBXFileReference; explicitFileType = wrapper.cfbundle; includeInIndex = 0; path = SDOTests.xctest; sourceTree = BUILT_PRODUCTS_DIR; };
		5D733EDA2DF5D5B600DB4823 /* SDOTests.xctestplan */ = {isa = PBXFileReference; lastKnownFileType = text; path = SDOTests.xctestplan; sourceTree = "<group>"; };
		F1157BA8286C22FE00309134 /* SDO--iOS--Info.plist */ = {isa = PBXFileReference; lastKnownFileType = text.plist; path = "SDO--iOS--Info.plist"; sourceTree = "<group>"; };
		F13983CD28906ED9004A2375 /* schema.json */ = {isa = PBXFileReference; fileEncoding = 4; lastKnownFileType = text.json; path = schema.json; sourceTree = "<group>"; };
		F14B18CE290EF04200DE8229 /* SDO (iOS).entitlements */ = {isa = PBXFileReference; lastKnownFileType = text.plist.entitlements; path = "SDO (iOS).entitlements"; sourceTree = "<group>"; };
		F19512EE28EF329E00DF4E2E /* ApiConstants.swift */ = {isa = PBXFileReference; lastKnownFileType = sourcecode.swift; path = ApiConstants.swift; sourceTree = "<group>"; };
		F1E494082868E0FE008611D7 /* GoogleService-Info.plist */ = {isa = PBXFileReference; fileEncoding = 4; lastKnownFileType = text.plist.xml; path = "GoogleService-Info.plist"; sourceTree = "<group>"; };
		F1F00FE52800AF10005DC240 /* Assets.xcassets */ = {isa = PBXFileReference; lastKnownFileType = folder.assetcatalog; path = Assets.xcassets; sourceTree = "<group>"; };
		F1F00FEA2800AF10005DC240 /* SDO.app */ = {isa = PBXFileReference; explicitFileType = wrapper.application; includeInIndex = 0; path = SDO.app; sourceTree = BUILT_PRODUCTS_DIR; };
		F1F00FF02800AF10005DC240 /* SDO.app */ = {isa = PBXFileReference; explicitFileType = wrapper.application; includeInIndex = 0; path = SDO.app; sourceTree = BUILT_PRODUCTS_DIR; };
		F1F00FF72800AF10005DC240 /* Tests iOS.xctest */ = {isa = PBXFileReference; explicitFileType = wrapper.cfbundle; includeInIndex = 0; path = "Tests iOS.xctest"; sourceTree = BUILT_PRODUCTS_DIR; };
		F1F010032800AF10005DC240 /* Tests macOS.xctest */ = {isa = PBXFileReference; explicitFileType = wrapper.cfbundle; includeInIndex = 0; path = "Tests macOS.xctest"; sourceTree = BUILT_PRODUCTS_DIR; };
/* End PBXFileReference section */

/* Begin PBXFileSystemSynchronizedBuildFileExceptionSet section */
		F17D6F4D2DF0AFA100E3FDBE /* PBXFileSystemSynchronizedBuildFileExceptionSet */ = {
			isa = PBXFileSystemSynchronizedBuildFileExceptionSet;
			membershipExceptions = (
				NotAvailableView.swift,
			);
			target = F1F00FEF2800AF10005DC240 /* SDO (macOS) */;
		};
		F17D6FD32DF0AFA500E3FDBE /* PBXFileSystemSynchronizedBuildFileExceptionSet */ = {
			isa = PBXFileSystemSynchronizedBuildFileExceptionSet;
			membershipExceptions = (
				Presentation/Authenticated/Components/Views/VideoPlayerView/SDOVideoPlayer.swift,
				Presentation/Authenticated/Components/Views/VideoPlayerView/VideoPlayerViewModel.swift,
				Presentation/Authenticated/Components/Views/VideoThumbnail/ThumbnailableVideo.swift,
				Presentation/Authenticated/Tabs/ChannelsTab/Screens/ChannelDetail/ChannelDetailView.swift,
				Presentation/Authenticated/Tabs/ChannelsTab/Screens/ChannelDetail/ChannelDetailViewModel.swift,
				Presentation/Authenticated/Tabs/HomeTab/Components/HomeVideosRow.swift,
				Presentation/Authenticated/Tabs/HomeTab/Components/VideoThumbnailsRowViewModel.swift,
				Presentation/Authenticated/Tabs/HomeTab/VideoDetail/VideoDetailView.swift,
				Presentation/Authenticated/Tabs/HomeTab/VideoDetail/VideoDetailViewModel.swift,
				"Presentation/Extensions+AVPlayer.swift",
			);
			target = F1F00FEF2800AF10005DC240 /* SDO (macOS) */;
		};
		F17D70FE2DF0B00000E3FDBE /* PBXFileSystemSynchronizedBuildFileExceptionSet */ = {
			isa = PBXFileSystemSynchronizedBuildFileExceptionSet;
			membershipExceptions = (
				UseCases/Channel/FilterChannelsUseCase.swift,
			);
			target = F1F00FEF2800AF10005DC240 /* SDO (macOS) */;
		};
		F17D711F2DF0B00B00E3FDBE /* PBXFileSystemSynchronizedBuildFileExceptionSet */ = {
			isa = PBXFileSystemSynchronizedBuildFileExceptionSet;
			membershipExceptions = (
				Models/AuthState.swift,
				Models/SDOUser.swift,
			);
			target = F1F00FEF2800AF10005DC240 /* SDO (macOS) */;
		};
/* End PBXFileSystemSynchronizedBuildFileExceptionSet section */

/* Begin PBXFileSystemSynchronizedRootGroup section */
		5D733EC22DF5D38A00DB4823 /* SDOTests */ = {isa = PBXFileSystemSynchronizedRootGroup; explicitFileTypes = {}; explicitFolders = (); path = SDOTests; sourceTree = "<group>"; };
		F17D6F462DF0AF9B00E3FDBE /* Tests iOS */ = {isa = PBXFileSystemSynchronizedRootGroup; explicitFileTypes = {}; explicitFolders = (); path = "Tests iOS"; sourceTree = "<group>"; };
		F17D6F4B2DF0AFA100E3FDBE /* macOS */ = {isa = PBXFileSystemSynchronizedRootGroup; exceptions = (F17D6F4D2DF0AFA100E3FDBE /* PBXFileSystemSynchronizedBuildFileExceptionSet */, ); explicitFileTypes = {}; explicitFolders = (); path = macOS; sourceTree = "<group>"; };
		F17D6F9B2DF0AFA500E3FDBE /* iOS */ = {isa = PBXFileSystemSynchronizedRootGroup; exceptions = (F17D6FD32DF0AFA500E3FDBE /* PBXFileSystemSynchronizedBuildFileExceptionSet */, ); explicitFileTypes = {}; explicitFolders = (); path = iOS; sourceTree = "<group>"; };
		F17D6FDF2DF0AFAE00E3FDBE /* Presentation */ = {isa = PBXFileSystemSynchronizedRootGroup; explicitFileTypes = {}; explicitFolders = (); path = Presentation; sourceTree = "<group>"; };
		F17D6FEE2DF0AFB100E3FDBE /* Application */ = {isa = PBXFileSystemSynchronizedRootGroup; explicitFileTypes = {}; explicitFolders = (); path = Application; sourceTree = "<group>"; };
		F17D6FF92DF0AFB400E3FDBE /* Helpers */ = {isa = PBXFileSystemSynchronizedRootGroup; explicitFileTypes = {}; explicitFolders = (); path = Helpers; sourceTree = "<group>"; };
		F17D700A2DF0AFB700E3FDBE /* Infrastructure */ = {isa = PBXFileSystemSynchronizedRootGroup; explicitFileTypes = {}; explicitFolders = (); path = Infrastructure; sourceTree = "<group>"; };
		F17D702F2DF0AFBA00E3FDBE /* Data */ = {isa = PBXFileSystemSynchronizedRootGroup; explicitFileTypes = {}; explicitFolders = (); path = Data; sourceTree = "<group>"; };
		F17D705F2DF0AFC300E3FDBE /* Mocks */ = {isa = PBXFileSystemSynchronizedRootGroup; explicitFileTypes = {}; explicitFolders = (); path = Mocks; sourceTree = "<group>"; };
		F17D70622DF0AFE000E3FDBE /* Lottie */ = {isa = PBXFileSystemSynchronizedRootGroup; explicitFileTypes = {}; explicitFolders = (); path = Lottie; sourceTree = "<group>"; };
		F17D70632DF0AFF300E3FDBE /* String */ = {isa = PBXFileSystemSynchronizedRootGroup; explicitFileTypes = {}; explicitFolders = (); path = String; sourceTree = "<group>"; };
		F17D70A32DF0B00000E3FDBE /* Domain */ = {isa = PBXFileSystemSynchronizedRootGroup; exceptions = (F17D70FE2DF0B00000E3FDBE /* PBXFileSystemSynchronizedBuildFileExceptionSet */, ); explicitFileTypes = {}; explicitFolders = (); path = Domain; sourceTree = "<group>"; };
		F17D71102DF0B00A00E3FDBE /* Auth */ = {isa = PBXFileSystemSynchronizedRootGroup; exceptions = (F17D711F2DF0B00B00E3FDBE /* PBXFileSystemSynchronizedBuildFileExceptionSet */, ); explicitFileTypes = {}; explicitFolders = (); path = Auth; sourceTree = "<group>"; };
		F17D71222DF0B01800E3FDBE /* Tests macOS */ = {isa = PBXFileSystemSynchronizedRootGroup; explicitFileTypes = {}; explicitFolders = (); path = "Tests macOS"; sourceTree = "<group>"; };
/* End PBXFileSystemSynchronizedRootGroup section */

/* Begin PBXFrameworksBuildPhase section */
		5D733EBE2DF5D38A00DB4823 /* Frameworks */ = {
			isa = PBXFrameworksBuildPhase;
			buildActionMask = 2147483647;
			files = (
			);
			runOnlyForDeploymentPostprocessing = 0;
		};
		F1F00FE72800AF10005DC240 /* Frameworks */ = {
			isa = PBXFrameworksBuildPhase;
			buildActionMask = 2147483647;
			files = (
				F1E494042868D065008611D7 /* GoogleSignInSwift in Frameworks */,
				F1E493D52866FAB0008611D7 /* Kingfisher in Frameworks */,
				F1EE14EE286EFB320020CD74 /* Apollo in Frameworks */,
				F139837E28821964004A2375 /* FirebaseDatabaseSwift in Frameworks */,
				F1E493E228679EB3008611D7 /* FirebaseAuth in Frameworks */,
				F1838D092A67BFCE00DAAC79 /* Lottie in Frameworks */,
				F1E493EA28679EB3008611D7 /* FirebaseRemoteConfigSwift in Frameworks */,
				F1EE14F0286EFB320020CD74 /* ApolloWebSocket in Frameworks */,
				F1E493EC28679EB3008611D7 /* FirebaseStorage in Frameworks */,
				F1E493E628679EB3008611D7 /* FirebaseDynamicLinks in Frameworks */,
			);
			runOnlyForDeploymentPostprocessing = 0;
		};
		F1F00FED2800AF10005DC240 /* Frameworks */ = {
			isa = PBXFrameworksBuildPhase;
			buildActionMask = 2147483647;
			files = (
			);
			runOnlyForDeploymentPostprocessing = 0;
		};
		F1F00FF42800AF10005DC240 /* Frameworks */ = {
			isa = PBXFrameworksBuildPhase;
			buildActionMask = 2147483647;
			files = (
				F17D713E2DF0B08300E3FDBE /* FirebaseAuth in Frameworks */,
				F175038B2DF0C8C300887507 /* GoogleSignIn in Frameworks */,
			);
			runOnlyForDeploymentPostprocessing = 0;
		};
		F1F010002800AF10005DC240 /* Frameworks */ = {
			isa = PBXFrameworksBuildPhase;
			buildActionMask = 2147483647;
			files = (
			);
			runOnlyForDeploymentPostprocessing = 0;
		};
/* End PBXFrameworksBuildPhase section */

/* Begin PBXGroup section */
		F10676952813FD3400B8B843 /* SupportFiles */ = {
			isa = PBXGroup;
			children = (
				F17D70632DF0AFF300E3FDBE /* String */,
				F19512EE28EF329E00DF4E2E /* ApiConstants.swift */,
				F13983CD28906ED9004A2375 /* schema.json */,
				F1E494082868E0FE008611D7 /* GoogleService-Info.plist */,
				F17D705F2DF0AFC300E3FDBE /* Mocks */,
				F17D70622DF0AFE000E3FDBE /* Lottie */,
			);
			path = SupportFiles;
			sourceTree = "<group>";
		};
		F139837C28821964004A2375 /* Frameworks */ = {
			isa = PBXGroup;
			children = (
			);
			name = Frameworks;
			sourceTree = "<group>";
		};
		F1E493EF2867A1C4008611D7 /* Services */ = {
			isa = PBXGroup;
			children = (
				F17D71102DF0B00A00E3FDBE /* Auth */,
			);
			path = Services;
			sourceTree = "<group>";
		};
		F1F00FDD2800AF0E005DC240 = {
			isa = PBXGroup;
			children = (
				5D733EDA2DF5D5B600DB4823 /* SDOTests.xctestplan */,
				F14B18CE290EF04200DE8229 /* SDO (iOS).entitlements */,
				F1157BA8286C22FE00309134 /* SDO--iOS--Info.plist */,
				F1F00FE22800AF0E005DC240 /* Shared */,
				F17D6F9B2DF0AFA500E3FDBE /* iOS */,
				F17D6F4B2DF0AFA100E3FDBE /* macOS */,
				F17D6F462DF0AF9B00E3FDBE /* Tests iOS */,
				F17D71222DF0B01800E3FDBE /* Tests macOS */,
				5D733EC22DF5D38A00DB4823 /* SDOTests */,
				F1F00FEB2800AF10005DC240 /* Products */,
				F139837C28821964004A2375 /* Frameworks */,
			);
			sourceTree = "<group>";
		};
		F1F00FE22800AF0E005DC240 /* Shared */ = {
			isa = PBXGroup;
			children = (
				F17D6FEE2DF0AFB100E3FDBE /* Application */,
				F17D6FDF2DF0AFAE00E3FDBE /* Presentation */,
				F17D6FF92DF0AFB400E3FDBE /* Helpers */,
				F17D700A2DF0AFB700E3FDBE /* Infrastructure */,
				F1E493EF2867A1C4008611D7 /* Services */,
				F17D70A32DF0B00000E3FDBE /* Domain */,
				F17D702F2DF0AFBA00E3FDBE /* Data */,
				F10676952813FD3400B8B843 /* SupportFiles */,
				F1F00FE52800AF10005DC240 /* Assets.xcassets */,
			);
			path = Shared;
			sourceTree = "<group>";
		};
		F1F00FEB2800AF10005DC240 /* Products */ = {
			isa = PBXGroup;
			children = (
				F1F00FEA2800AF10005DC240 /* SDO.app */,
				F1F00FF02800AF10005DC240 /* SDO.app */,
				F1F00FF72800AF10005DC240 /* Tests iOS.xctest */,
				F1F010032800AF10005DC240 /* Tests macOS.xctest */,
				5D733EC12DF5D38A00DB4823 /* SDOTests.xctest */,
			);
			name = Products;
			sourceTree = "<group>";
		};
/* End PBXGroup section */

/* Begin PBXNativeTarget section */
		5D733EC02DF5D38A00DB4823 /* SDOTests */ = {
			isa = PBXNativeTarget;
			buildConfigurationList = 5D733EC92DF5D38A00DB4823 /* Build configuration list for PBXNativeTarget "SDOTests" */;
			buildPhases = (
				5D733EBD2DF5D38A00DB4823 /* Sources */,
				5D733EBE2DF5D38A00DB4823 /* Frameworks */,
				5D733EBF2DF5D38A00DB4823 /* Resources */,
			);
			buildRules = (
			);
			dependencies = (
				5D733EC62DF5D38A00DB4823 /* PBXTargetDependency */,
			);
			fileSystemSynchronizedGroups = (
				5D733EC22DF5D38A00DB4823 /* SDOTests */,
			);
			name = SDOTests;
			packageProductDependencies = (
			);
			productName = SDOTests;
			productReference = 5D733EC12DF5D38A00DB4823 /* SDOTests.xctest */;
			productType = "com.apple.product-type.bundle.unit-test";
		};
		F1F00FE92800AF10005DC240 /* SDO (iOS) */ = {
			isa = PBXNativeTarget;
			buildConfigurationList = F1F010132800AF10005DC240 /* Build configuration list for PBXNativeTarget "SDO (iOS)" */;
			buildPhases = (
				F13983D02890710B004A2375 /* Download GraphQL schema and generate Swift types */,
				F1F00FE62800AF10005DC240 /* Sources */,
				F1F00FE72800AF10005DC240 /* Frameworks */,
				F1F00FE82800AF10005DC240 /* Resources */,
			);
			buildRules = (
			);
			dependencies = (
			);
			fileSystemSynchronizedGroups = (
				F17D6F9B2DF0AFA500E3FDBE /* iOS */,
				F17D6FDF2DF0AFAE00E3FDBE /* Presentation */,
				F17D6FEE2DF0AFB100E3FDBE /* Application */,
				F17D6FF92DF0AFB400E3FDBE /* Helpers */,
				F17D700A2DF0AFB700E3FDBE /* Infrastructure */,
				F17D702F2DF0AFBA00E3FDBE /* Data */,
				F17D705F2DF0AFC300E3FDBE /* Mocks */,
				F17D70632DF0AFF300E3FDBE /* String */,
				F17D70A32DF0B00000E3FDBE /* Domain */,
				F17D71102DF0B00A00E3FDBE /* Auth */,
			);
			name = "SDO (iOS)";
			packageProductDependencies = (
				F1E493D42866FAB0008611D7 /* Kingfisher */,
				F1E493E128679EB3008611D7 /* FirebaseAuth */,
				F1E493E528679EB3008611D7 /* FirebaseDynamicLinks */,
				F1E493E928679EB3008611D7 /* FirebaseRemoteConfigSwift */,
				F1E493EB28679EB3008611D7 /* FirebaseStorage */,
				F1E494032868D065008611D7 /* GoogleSignInSwift */,
				F1EE14ED286EFB320020CD74 /* Apollo */,
				F1EE14EF286EFB320020CD74 /* ApolloWebSocket */,
				F139837D28821964004A2375 /* FirebaseDatabaseSwift */,
				F1838D082A67BFCE00DAAC79 /* Lottie */,
			);
			productName = "SDO (iOS)";
			productReference = F1F00FEA2800AF10005DC240 /* SDO.app */;
			productType = "com.apple.product-type.application";
		};
		F1F00FEF2800AF10005DC240 /* SDO (macOS) */ = {
			isa = PBXNativeTarget;
			buildConfigurationList = F1F010162800AF10005DC240 /* Build configuration list for PBXNativeTarget "SDO (macOS)" */;
			buildPhases = (
				F1F00FEC2800AF10005DC240 /* Sources */,
				F1F00FED2800AF10005DC240 /* Frameworks */,
				F1F00FEE2800AF10005DC240 /* Resources */,
			);
			buildRules = (
			);
			dependencies = (
			);
			fileSystemSynchronizedGroups = (
				F17D6FDF2DF0AFAE00E3FDBE /* Presentation */,
				F17D6FEE2DF0AFB100E3FDBE /* Application */,
				F17D6FF92DF0AFB400E3FDBE /* Helpers */,
				F17D700A2DF0AFB700E3FDBE /* Infrastructure */,
				F17D702F2DF0AFBA00E3FDBE /* Data */,
				F17D705F2DF0AFC300E3FDBE /* Mocks */,
				F17D70632DF0AFF300E3FDBE /* String */,
				F17D70A32DF0B00000E3FDBE /* Domain */,
				F17D71102DF0B00A00E3FDBE /* Auth */,
			);
			name = "SDO (macOS)";
			productName = "SDO (macOS)";
			productReference = F1F00FF02800AF10005DC240 /* SDO.app */;
			productType = "com.apple.product-type.application";
		};
		F1F00FF62800AF10005DC240 /* Tests iOS */ = {
			isa = PBXNativeTarget;
			buildConfigurationList = F1F010192800AF10005DC240 /* Build configuration list for PBXNativeTarget "Tests iOS" */;
			buildPhases = (
				F1F00FF32800AF10005DC240 /* Sources */,
				F1F00FF42800AF10005DC240 /* Frameworks */,
				F1F00FF52800AF10005DC240 /* Resources */,
			);
			buildRules = (
			);
			dependencies = (
				F1F00FF92800AF10005DC240 /* PBXTargetDependency */,
			);
			fileSystemSynchronizedGroups = (
				F17D6F462DF0AF9B00E3FDBE /* Tests iOS */,
			);
			name = "Tests iOS";
			productName = "Tests iOS";
			productReference = F1F00FF72800AF10005DC240 /* Tests iOS.xctest */;
			productType = "com.apple.product-type.bundle.ui-testing";
		};
		F1F010022800AF10005DC240 /* Tests macOS */ = {
			isa = PBXNativeTarget;
			buildConfigurationList = F1F0101C2800AF10005DC240 /* Build configuration list for PBXNativeTarget "Tests macOS" */;
			buildPhases = (
				F1F00FFF2800AF10005DC240 /* Sources */,
				F1F010002800AF10005DC240 /* Frameworks */,
				F1F010012800AF10005DC240 /* Resources */,
			);
			buildRules = (
			);
			dependencies = (
				F1F010052800AF10005DC240 /* PBXTargetDependency */,
			);
			fileSystemSynchronizedGroups = (
				F17D71222DF0B01800E3FDBE /* Tests macOS */,
			);
			name = "Tests macOS";
			productName = "Tests macOS";
			productReference = F1F010032800AF10005DC240 /* Tests macOS.xctest */;
			productType = "com.apple.product-type.bundle.ui-testing";
		};
/* End PBXNativeTarget section */

/* Begin PBXProject section */
		F1F00FDE2800AF0E005DC240 /* Project object */ = {
			isa = PBXProject;
			attributes = {
				BuildIndependentTargetsInParallel = 1;
				LastSwiftUpdateCheck = 1610;
				LastUpgradeCheck = 1300;
				TargetAttributes = {
					5D733EC02DF5D38A00DB4823 = {
						CreatedOnToolsVersion = 16.1;
						TestTargetID = F1F00FE92800AF10005DC240;
					};
					F1F00FE92800AF10005DC240 = {
						CreatedOnToolsVersion = 13.0;
					};
					F1F00FEF2800AF10005DC240 = {
						CreatedOnToolsVersion = 13.0;
					};
					F1F00FF62800AF10005DC240 = {
						CreatedOnToolsVersion = 13.0;
						TestTargetID = F1F00FE92800AF10005DC240;
					};
					F1F010022800AF10005DC240 = {
						CreatedOnToolsVersion = 13.0;
						TestTargetID = F1F00FEF2800AF10005DC240;
					};
				};
			};
			buildConfigurationList = F1F00FE12800AF0E005DC240 /* Build configuration list for PBXProject "SDO" */;
			compatibilityVersion = "Xcode 13.0";
			developmentRegion = en;
			hasScannedForEncodings = 0;
			knownRegions = (
				en,
				Base,
				de,
			);
			mainGroup = F1F00FDD2800AF0E005DC240;
			packageReferences = (
				F1E493D32866FAB0008611D7 /* XCRemoteSwiftPackageReference "Kingfisher" */,
				F1E493E028679EB3008611D7 /* XCRemoteSwiftPackageReference "firebase-ios-sdk" */,
				F1E494022868D064008611D7 /* XCRemoteSwiftPackageReference "GoogleSignIn-iOS" */,
				F1EE14EC286EFB320020CD74 /* XCRemoteSwiftPackageReference "apollo-ios" */,
				F1838D072A67BFCE00DAAC79 /* XCRemoteSwiftPackageReference "lottie-spm" */,
			);
			productRefGroup = F1F00FEB2800AF10005DC240 /* Products */;
			projectDirPath = "";
			projectRoot = "";
			targets = (
				F1F00FE92800AF10005DC240 /* SDO (iOS) */,
				F1F00FEF2800AF10005DC240 /* SDO (macOS) */,
				F1F00FF62800AF10005DC240 /* Tests iOS */,
				F1F010022800AF10005DC240 /* Tests macOS */,
				5D733EC02DF5D38A00DB4823 /* SDOTests */,
			);
		};
/* End PBXProject section */

/* Begin PBXResourcesBuildPhase section */
		5D733EBF2DF5D38A00DB4823 /* Resources */ = {
			isa = PBXResourcesBuildPhase;
			buildActionMask = 2147483647;
			files = (
			);
			runOnlyForDeploymentPostprocessing = 0;
		};
		F1F00FE82800AF10005DC240 /* Resources */ = {
			isa = PBXResourcesBuildPhase;
			buildActionMask = 2147483647;
			files = (
				F13983CE28906EDA004A2375 /* schema.json in Resources */,
				F1F0100F2800AF10005DC240 /* Assets.xcassets in Resources */,
				F1E494092868E0FE008611D7 /* GoogleService-Info.plist in Resources */,
			);
			runOnlyForDeploymentPostprocessing = 0;
		};
		F1F00FEE2800AF10005DC240 /* Resources */ = {
			isa = PBXResourcesBuildPhase;
			buildActionMask = 2147483647;
			files = (
				F1F010102800AF10005DC240 /* Assets.xcassets in Resources */,
				F1E4940A2868E0FF008611D7 /* GoogleService-Info.plist in Resources */,
			);
			runOnlyForDeploymentPostprocessing = 0;
		};
		F1F00FF52800AF10005DC240 /* Resources */ = {
			isa = PBXResourcesBuildPhase;
			buildActionMask = 2147483647;
			files = (
			);
			runOnlyForDeploymentPostprocessing = 0;
		};
		F1F010012800AF10005DC240 /* Resources */ = {
			isa = PBXResourcesBuildPhase;
			buildActionMask = 2147483647;
			files = (
			);
			runOnlyForDeploymentPostprocessing = 0;
		};
/* End PBXResourcesBuildPhase section */

/* Begin PBXShellScriptBuildPhase section */
		F13983D02890710B004A2375 /* Download GraphQL schema and generate Swift types */ = {
			isa = PBXShellScriptBuildPhase;
			alwaysOutOfDate = 1;
			buildActionMask = 2147483647;
			files = (
			);
			inputFileListPaths = (
			);
			inputPaths = (
			);
			name = "Download GraphQL schema and generate Swift types";
			outputFileListPaths = (
			);
			outputPaths = (
			);
			runOnlyForDeploymentPostprocessing = 0;
			shellPath = /bin/sh;
			shellScript = "# Don't run this during index builds\nif [ $ACTION = \"indexbuild\" ]; then exit 0; fi\n\n# Go to the build root and search up the chain to find the Derived Data Path where the source packages are checked out.\nDERIVED_DATA_CANDIDATE=\"${BUILD_ROOT}\"\n\nwhile ! [ -d \"${DERIVED_DATA_CANDIDATE}/SourcePackages\" ]; do\n  if [ \"${DERIVED_DATA_CANDIDATE}\" = / ]; then\n    echo >&2 \"error: Unable to locate SourcePackages directory from BUILD_ROOT: '${BUILD_ROOT}'\"\n    exit 1\n  fi\n\n  DERIVED_DATA_CANDIDATE=\"$(dirname \"${DERIVED_DATA_CANDIDATE}\")\"\ndone\n\n# Grab a reference to the directory where scripts are checked out\nSCRIPT_PATH=\"${DERIVED_DATA_CANDIDATE}/SourcePackages/checkouts/apollo-ios/scripts\"\n\nif [ -z \"${SCRIPT_PATH}\" ]; then\n    echo >&2 \"error: Couldn't find the CLI script in your checked out SPM packages; make sure to add the framework to your project.\"\n    exit 1\nfi\n\nuser_input_plist_url=\"SDO.xcodeproj/xcuserdata/$USER.xcuserdatad/UserEnvironmentVariables.plist\"\nuser_input_hasura_endpoint=$(/usr/libexec/PlistBuddy -c 'print:HASURA_ENDPOINT' ${user_input_plist_url})\nuser_input_hasura_access_key=$(/usr/libexec/PlistBuddy -c 'print:HASURA_ACCESS_KEY' ${user_input_plist_url})\nif [ -n \"$user_input_hasura_access_key\" ]; then\n    # Download schema from Hasura\n    cd \"${SRCROOT}/Shared/SupportFiles\"\n    \"${SCRIPT_PATH}\"/run-bundled-codegen.sh schema:download --endpoint=\"$user_input_hasura_endpoint\" --header=\"X-Hasura-Access-Key: $user_input_hasura_access_key\"\n\n    # Generate Swift types from GraphQL schema\n    cd \"${SRCROOT}/Shared/Data/GraphQL\"\n    \"${SCRIPT_PATH}\"/run-bundled-codegen.sh codegen:generate --target=swift --includes=./**/*.graphql --localSchemaFile=\"../../SupportFiles/schema.json\" GraphQLAPI.swift\nelse\n    echo \"Skipping downloading GraphQL schema and generating Swift types\"\nfi\n";
		};
/* End PBXShellScriptBuildPhase section */

/* Begin PBXSourcesBuildPhase section */
		5D733EBD2DF5D38A00DB4823 /* Sources */ = {
			isa = PBXSourcesBuildPhase;
			buildActionMask = 2147483647;
			files = (
			);
			runOnlyForDeploymentPostprocessing = 0;
		};
		F1F00FE62800AF10005DC240 /* Sources */ = {
			isa = PBXSourcesBuildPhase;
			buildActionMask = 2147483647;
			files = (
				F19512EF28EF329E00DF4E2E /* ApiConstants.swift in Sources */,
			);
			runOnlyForDeploymentPostprocessing = 0;
		};
		F1F00FEC2800AF10005DC240 /* Sources */ = {
			isa = PBXSourcesBuildPhase;
			buildActionMask = 2147483647;
			files = (
				F19512F028EF329E00DF4E2E /* ApiConstants.swift in Sources */,
			);
			runOnlyForDeploymentPostprocessing = 0;
		};
		F1F00FF32800AF10005DC240 /* Sources */ = {
			isa = PBXSourcesBuildPhase;
			buildActionMask = 2147483647;
			files = (
			);
			runOnlyForDeploymentPostprocessing = 0;
		};
		F1F00FFF2800AF10005DC240 /* Sources */ = {
			isa = PBXSourcesBuildPhase;
			buildActionMask = 2147483647;
			files = (
			);
			runOnlyForDeploymentPostprocessing = 0;
		};
/* End PBXSourcesBuildPhase section */

/* Begin PBXTargetDependency section */
		5D733EC62DF5D38A00DB4823 /* PBXTargetDependency */ = {
			isa = PBXTargetDependency;
			target = F1F00FE92800AF10005DC240 /* SDO (iOS) */;
			targetProxy = 5D733EC52DF5D38A00DB4823 /* PBXContainerItemProxy */;
		};
		F1F00FF92800AF10005DC240 /* PBXTargetDependency */ = {
			isa = PBXTargetDependency;
			target = F1F00FE92800AF10005DC240 /* SDO (iOS) */;
			targetProxy = F1F00FF82800AF10005DC240 /* PBXContainerItemProxy */;
		};
		F1F010052800AF10005DC240 /* PBXTargetDependency */ = {
			isa = PBXTargetDependency;
			target = F1F00FEF2800AF10005DC240 /* SDO (macOS) */;
			targetProxy = F1F010042800AF10005DC240 /* PBXContainerItemProxy */;
		};
/* End PBXTargetDependency section */

/* Begin XCBuildConfiguration section */
		5D733EC72DF5D38A00DB4823 /* Debug */ = {
			isa = XCBuildConfiguration;
			buildSettings = {
				ASSETCATALOG_COMPILER_GENERATE_SWIFT_ASSET_SYMBOL_EXTENSIONS = YES;
				BUNDLE_LOADER = "$(TEST_HOST)";
				CLANG_CXX_LANGUAGE_STANDARD = "gnu++20";
				CODE_SIGN_STYLE = Automatic;
				CURRENT_PROJECT_VERSION = 1;
				DEVELOPMENT_TEAM = A5U7V8A368;
				ENABLE_USER_SCRIPT_SANDBOXING = YES;
				GCC_C_LANGUAGE_STANDARD = gnu17;
				GENERATE_INFOPLIST_FILE = YES;
				IPHONEOS_DEPLOYMENT_TARGET = 18.1;
				LOCALIZATION_PREFERS_STRING_CATALOGS = YES;
				MARKETING_VERSION = 1.0;
				PRODUCT_BUNDLE_IDENTIFIER = com.joelkingsleyr.SDOTests;
				PRODUCT_NAME = "$(TARGET_NAME)";
				SDKROOT = iphoneos;
				SWIFT_ACTIVE_COMPILATION_CONDITIONS = "DEBUG $(inherited)";
				SWIFT_EMIT_LOC_STRINGS = NO;
				SWIFT_VERSION = 5.0;
				TARGETED_DEVICE_FAMILY = "1,2";
				TEST_HOST = "$(BUILT_PRODUCTS_DIR)/SDO.app/$(BUNDLE_EXECUTABLE_FOLDER_PATH)/SDO";
			};
			name = Debug;
		};
		5D733EC82DF5D38A00DB4823 /* Release */ = {
			isa = XCBuildConfiguration;
			buildSettings = {
				ASSETCATALOG_COMPILER_GENERATE_SWIFT_ASSET_SYMBOL_EXTENSIONS = YES;
				BUNDLE_LOADER = "$(TEST_HOST)";
				CLANG_CXX_LANGUAGE_STANDARD = "gnu++20";
				CODE_SIGN_STYLE = Automatic;
				CURRENT_PROJECT_VERSION = 1;
				DEVELOPMENT_TEAM = A5U7V8A368;
				ENABLE_USER_SCRIPT_SANDBOXING = YES;
				GCC_C_LANGUAGE_STANDARD = gnu17;
				GENERATE_INFOPLIST_FILE = YES;
				IPHONEOS_DEPLOYMENT_TARGET = 18.1;
				LOCALIZATION_PREFERS_STRING_CATALOGS = YES;
				MARKETING_VERSION = 1.0;
				PRODUCT_BUNDLE_IDENTIFIER = com.joelkingsleyr.SDOTests;
				PRODUCT_NAME = "$(TARGET_NAME)";
				SDKROOT = iphoneos;
				SWIFT_EMIT_LOC_STRINGS = NO;
				SWIFT_VERSION = 5.0;
				TARGETED_DEVICE_FAMILY = "1,2";
				TEST_HOST = "$(BUILT_PRODUCTS_DIR)/SDO.app/$(BUNDLE_EXECUTABLE_FOLDER_PATH)/SDO";
				VALIDATE_PRODUCT = YES;
			};
			name = Release;
		};
		F1F010112800AF10005DC240 /* Debug */ = {
			isa = XCBuildConfiguration;
			buildSettings = {
				ALWAYS_SEARCH_USER_PATHS = NO;
				CLANG_ANALYZER_LOCALIZABILITY_NONLOCALIZED = YES;
				CLANG_ANALYZER_NONNULL = YES;
				CLANG_ANALYZER_NUMBER_OBJECT_CONVERSION = YES_AGGRESSIVE;
				CLANG_CXX_LANGUAGE_STANDARD = "gnu++17";
				CLANG_CXX_LIBRARY = "libc++";
				CLANG_ENABLE_MODULES = YES;
				CLANG_ENABLE_OBJC_ARC = YES;
				CLANG_ENABLE_OBJC_WEAK = YES;
				CLANG_WARN_BLOCK_CAPTURE_AUTORELEASING = YES;
				CLANG_WARN_BOOL_CONVERSION = YES;
				CLANG_WARN_COMMA = YES;
				CLANG_WARN_CONSTANT_CONVERSION = YES;
				CLANG_WARN_DEPRECATED_OBJC_IMPLEMENTATIONS = YES;
				CLANG_WARN_DIRECT_OBJC_ISA_USAGE = YES_ERROR;
				CLANG_WARN_DOCUMENTATION_COMMENTS = YES;
				CLANG_WARN_EMPTY_BODY = YES;
				CLANG_WARN_ENUM_CONVERSION = YES;
				CLANG_WARN_INFINITE_RECURSION = YES;
				CLANG_WARN_INT_CONVERSION = YES;
				CLANG_WARN_NON_LITERAL_NULL_CONVERSION = YES;
				CLANG_WARN_OBJC_IMPLICIT_RETAIN_SELF = YES;
				CLANG_WARN_OBJC_LITERAL_CONVERSION = YES;
				CLANG_WARN_OBJC_ROOT_CLASS = YES_ERROR;
				CLANG_WARN_QUOTED_INCLUDE_IN_FRAMEWORK_HEADER = YES;
				CLANG_WARN_RANGE_LOOP_ANALYSIS = YES;
				CLANG_WARN_STRICT_PROTOTYPES = YES;
				CLANG_WARN_SUSPICIOUS_MOVE = YES;
				CLANG_WARN_UNGUARDED_AVAILABILITY = YES_AGGRESSIVE;
				CLANG_WARN_UNREACHABLE_CODE = YES;
				CLANG_WARN__DUPLICATE_METHOD_MATCH = YES;
				COPY_PHASE_STRIP = NO;
				DEBUG_INFORMATION_FORMAT = dwarf;
				ENABLE_STRICT_OBJC_MSGSEND = YES;
				ENABLE_TESTABILITY = YES;
				GCC_C_LANGUAGE_STANDARD = gnu11;
				GCC_DYNAMIC_NO_PIC = NO;
				GCC_NO_COMMON_BLOCKS = YES;
				GCC_OPTIMIZATION_LEVEL = 0;
				GCC_PREPROCESSOR_DEFINITIONS = (
					"DEBUG=1",
					"$(inherited)",
				);
				GCC_WARN_64_TO_32_BIT_CONVERSION = YES;
				GCC_WARN_ABOUT_RETURN_TYPE = YES_ERROR;
				GCC_WARN_UNDECLARED_SELECTOR = YES;
				GCC_WARN_UNINITIALIZED_AUTOS = YES_AGGRESSIVE;
				GCC_WARN_UNUSED_FUNCTION = YES;
				GCC_WARN_UNUSED_VARIABLE = YES;
				IPHONEOS_DEPLOYMENT_TARGET = 15.5;
				MACOSX_DEPLOYMENT_TARGET = 12.3;
				MTL_ENABLE_DEBUG_INFO = INCLUDE_SOURCE;
				MTL_FAST_MATH = YES;
				ONLY_ACTIVE_ARCH = YES;
				SWIFT_ACTIVE_COMPILATION_CONDITIONS = DEBUG;
				SWIFT_OPTIMIZATION_LEVEL = "-Onone";
			};
			name = Debug;
		};
		F1F010122800AF10005DC240 /* Release */ = {
			isa = XCBuildConfiguration;
			buildSettings = {
				ALWAYS_SEARCH_USER_PATHS = NO;
				CLANG_ANALYZER_LOCALIZABILITY_NONLOCALIZED = YES;
				CLANG_ANALYZER_NONNULL = YES;
				CLANG_ANALYZER_NUMBER_OBJECT_CONVERSION = YES_AGGRESSIVE;
				CLANG_CXX_LANGUAGE_STANDARD = "gnu++17";
				CLANG_CXX_LIBRARY = "libc++";
				CLANG_ENABLE_MODULES = YES;
				CLANG_ENABLE_OBJC_ARC = YES;
				CLANG_ENABLE_OBJC_WEAK = YES;
				CLANG_WARN_BLOCK_CAPTURE_AUTORELEASING = YES;
				CLANG_WARN_BOOL_CONVERSION = YES;
				CLANG_WARN_COMMA = YES;
				CLANG_WARN_CONSTANT_CONVERSION = YES;
				CLANG_WARN_DEPRECATED_OBJC_IMPLEMENTATIONS = YES;
				CLANG_WARN_DIRECT_OBJC_ISA_USAGE = YES_ERROR;
				CLANG_WARN_DOCUMENTATION_COMMENTS = YES;
				CLANG_WARN_EMPTY_BODY = YES;
				CLANG_WARN_ENUM_CONVERSION = YES;
				CLANG_WARN_INFINITE_RECURSION = YES;
				CLANG_WARN_INT_CONVERSION = YES;
				CLANG_WARN_NON_LITERAL_NULL_CONVERSION = YES;
				CLANG_WARN_OBJC_IMPLICIT_RETAIN_SELF = YES;
				CLANG_WARN_OBJC_LITERAL_CONVERSION = YES;
				CLANG_WARN_OBJC_ROOT_CLASS = YES_ERROR;
				CLANG_WARN_QUOTED_INCLUDE_IN_FRAMEWORK_HEADER = YES;
				CLANG_WARN_RANGE_LOOP_ANALYSIS = YES;
				CLANG_WARN_STRICT_PROTOTYPES = YES;
				CLANG_WARN_SUSPICIOUS_MOVE = YES;
				CLANG_WARN_UNGUARDED_AVAILABILITY = YES_AGGRESSIVE;
				CLANG_WARN_UNREACHABLE_CODE = YES;
				CLANG_WARN__DUPLICATE_METHOD_MATCH = YES;
				COPY_PHASE_STRIP = NO;
				DEBUG_INFORMATION_FORMAT = "dwarf-with-dsym";
				ENABLE_NS_ASSERTIONS = NO;
				ENABLE_STRICT_OBJC_MSGSEND = YES;
				GCC_C_LANGUAGE_STANDARD = gnu11;
				GCC_NO_COMMON_BLOCKS = YES;
				GCC_WARN_64_TO_32_BIT_CONVERSION = YES;
				GCC_WARN_ABOUT_RETURN_TYPE = YES_ERROR;
				GCC_WARN_UNDECLARED_SELECTOR = YES;
				GCC_WARN_UNINITIALIZED_AUTOS = YES_AGGRESSIVE;
				GCC_WARN_UNUSED_FUNCTION = YES;
				GCC_WARN_UNUSED_VARIABLE = YES;
				IPHONEOS_DEPLOYMENT_TARGET = 15.5;
				MACOSX_DEPLOYMENT_TARGET = 12.3;
				MTL_ENABLE_DEBUG_INFO = NO;
				MTL_FAST_MATH = YES;
				SWIFT_COMPILATION_MODE = wholemodule;
				SWIFT_OPTIMIZATION_LEVEL = "-O";
			};
			name = Release;
		};
		F1F010142800AF10005DC240 /* Debug */ = {
			isa = XCBuildConfiguration;
			buildSettings = {
				ASSETCATALOG_COMPILER_APPICON_NAME = AppIcon;
				ASSETCATALOG_COMPILER_GLOBAL_ACCENT_COLOR_NAME = AccentColor;
				CODE_SIGN_ENTITLEMENTS = "SDO (iOS).entitlements";
				CODE_SIGN_STYLE = Automatic;
				CURRENT_PROJECT_VERSION = 11;
				DEVELOPMENT_TEAM = A5U7V8A368;
				ENABLE_PREVIEWS = YES;
				GENERATE_INFOPLIST_FILE = YES;
				INFOPLIST_FILE = "SDO--iOS--Info.plist";
				INFOPLIST_KEY_CFBundleDisplayName = SDO;
				INFOPLIST_KEY_LSApplicationCategoryType = "public.app-category.entertainment";
				INFOPLIST_KEY_UIApplicationSceneManifest_Generation = YES;
				INFOPLIST_KEY_UIApplicationSupportsIndirectInputEvents = YES;
				INFOPLIST_KEY_UILaunchScreen_Generation = YES;
				INFOPLIST_KEY_UISupportedInterfaceOrientations = UIInterfaceOrientationPortrait;
				INFOPLIST_KEY_UISupportedInterfaceOrientations_iPad = "UIInterfaceOrientationPortrait UIInterfaceOrientationPortraitUpsideDown UIInterfaceOrientationLandscapeLeft UIInterfaceOrientationLandscapeRight";
				INFOPLIST_KEY_UISupportedInterfaceOrientations_iPhone = UIInterfaceOrientationPortrait;
				IPHONEOS_DEPLOYMENT_TARGET = 16.0;
				LD_RUNPATH_SEARCH_PATHS = (
					"$(inherited)",
					"@executable_path/Frameworks",
				);
				MARKETING_VERSION = 1.1;
				PRODUCT_BUNDLE_IDENTIFIER = "online.sounddoctrine.sdo-apple";
				PRODUCT_NAME = SDO;
				SDKROOT = iphoneos;
				SUPPORTED_PLATFORMS = "iphoneos iphonesimulator";
				SUPPORTS_MACCATALYST = NO;
				SUPPORTS_MAC_DESIGNED_FOR_IPHONE_IPAD = NO;
				SWIFT_EMIT_LOC_STRINGS = YES;
				SWIFT_VERSION = 5.0;
				TARGETED_DEVICE_FAMILY = 1;
			};
			name = Debug;
		};
		F1F010152800AF10005DC240 /* Release */ = {
			isa = XCBuildConfiguration;
			buildSettings = {
				ASSETCATALOG_COMPILER_APPICON_NAME = AppIcon;
				ASSETCATALOG_COMPILER_GLOBAL_ACCENT_COLOR_NAME = AccentColor;
				CODE_SIGN_ENTITLEMENTS = "SDO (iOS).entitlements";
				CODE_SIGN_STYLE = Automatic;
				CURRENT_PROJECT_VERSION = 11;
				DEVELOPMENT_TEAM = A5U7V8A368;
				ENABLE_PREVIEWS = YES;
				GENERATE_INFOPLIST_FILE = YES;
				INFOPLIST_FILE = "SDO--iOS--Info.plist";
				INFOPLIST_KEY_CFBundleDisplayName = SDO;
				INFOPLIST_KEY_LSApplicationCategoryType = "public.app-category.entertainment";
				INFOPLIST_KEY_UIApplicationSceneManifest_Generation = YES;
				INFOPLIST_KEY_UIApplicationSupportsIndirectInputEvents = YES;
				INFOPLIST_KEY_UILaunchScreen_Generation = YES;
				INFOPLIST_KEY_UISupportedInterfaceOrientations = UIInterfaceOrientationPortrait;
				INFOPLIST_KEY_UISupportedInterfaceOrientations_iPad = "UIInterfaceOrientationPortrait UIInterfaceOrientationPortraitUpsideDown UIInterfaceOrientationLandscapeLeft UIInterfaceOrientationLandscapeRight";
				INFOPLIST_KEY_UISupportedInterfaceOrientations_iPhone = UIInterfaceOrientationPortrait;
				IPHONEOS_DEPLOYMENT_TARGET = 16.0;
				LD_RUNPATH_SEARCH_PATHS = (
					"$(inherited)",
					"@executable_path/Frameworks",
				);
				MARKETING_VERSION = 1.1;
				PRODUCT_BUNDLE_IDENTIFIER = "online.sounddoctrine.sdo-apple";
				PRODUCT_NAME = SDO;
				SDKROOT = iphoneos;
				SUPPORTED_PLATFORMS = "iphoneos iphonesimulator";
				SUPPORTS_MACCATALYST = NO;
				SUPPORTS_MAC_DESIGNED_FOR_IPHONE_IPAD = NO;
				SWIFT_EMIT_LOC_STRINGS = YES;
				SWIFT_VERSION = 5.0;
				TARGETED_DEVICE_FAMILY = 1;
				VALIDATE_PRODUCT = YES;
			};
			name = Release;
		};
		F1F010172800AF10005DC240 /* Debug */ = {
			isa = XCBuildConfiguration;
			buildSettings = {
				ASSETCATALOG_COMPILER_APPICON_NAME = AppIcon;
				ASSETCATALOG_COMPILER_GLOBAL_ACCENT_COLOR_NAME = AccentColor;
				CODE_SIGN_ENTITLEMENTS = macOS/macOS.entitlements;
				CODE_SIGN_STYLE = Automatic;
				COMBINE_HIDPI_IMAGES = YES;
				CURRENT_PROJECT_VERSION = 1;
				DEVELOPMENT_TEAM = A5U7V8A368;
				ENABLE_HARDENED_RUNTIME = YES;
				ENABLE_PREVIEWS = YES;
				GENERATE_INFOPLIST_FILE = YES;
				INFOPLIST_KEY_NSHumanReadableCopyright = "";
				LD_RUNPATH_SEARCH_PATHS = (
					"$(inherited)",
					"@executable_path/../Frameworks",
				);
				MACOSX_DEPLOYMENT_TARGET = 11.0;
				MARKETING_VERSION = 1.1;
				PRODUCT_BUNDLE_IDENTIFIER = "online.sounddoctrine.sdo-apple";
				PRODUCT_NAME = SDO;
				SDKROOT = macosx;
				SWIFT_EMIT_LOC_STRINGS = YES;
				SWIFT_VERSION = 5.0;
			};
			name = Debug;
		};
		F1F010182800AF10005DC240 /* Release */ = {
			isa = XCBuildConfiguration;
			buildSettings = {
				ASSETCATALOG_COMPILER_APPICON_NAME = AppIcon;
				ASSETCATALOG_COMPILER_GLOBAL_ACCENT_COLOR_NAME = AccentColor;
				CODE_SIGN_ENTITLEMENTS = macOS/macOS.entitlements;
				CODE_SIGN_STYLE = Automatic;
				COMBINE_HIDPI_IMAGES = YES;
				CURRENT_PROJECT_VERSION = 1;
				DEVELOPMENT_TEAM = A5U7V8A368;
				ENABLE_HARDENED_RUNTIME = YES;
				ENABLE_PREVIEWS = YES;
				GENERATE_INFOPLIST_FILE = YES;
				INFOPLIST_KEY_NSHumanReadableCopyright = "";
				LD_RUNPATH_SEARCH_PATHS = (
					"$(inherited)",
					"@executable_path/../Frameworks",
				);
				MACOSX_DEPLOYMENT_TARGET = 11.0;
				MARKETING_VERSION = 1.1;
				PRODUCT_BUNDLE_IDENTIFIER = "online.sounddoctrine.sdo-apple";
				PRODUCT_NAME = SDO;
				SDKROOT = macosx;
				SWIFT_EMIT_LOC_STRINGS = YES;
				SWIFT_VERSION = 5.0;
			};
			name = Release;
		};
		F1F0101A2800AF10005DC240 /* Debug */ = {
			isa = XCBuildConfiguration;
			buildSettings = {
				CODE_SIGN_STYLE = Automatic;
				CURRENT_PROJECT_VERSION = 1;
				DEVELOPMENT_TEAM = A5U7V8A368;
				GENERATE_INFOPLIST_FILE = YES;
				IPHONEOS_DEPLOYMENT_TARGET = 16.0;
				LD_RUNPATH_SEARCH_PATHS = (
					"$(inherited)",
					"@executable_path/Frameworks",
					"@loader_path/Frameworks",
				);
				MARKETING_VERSION = 1.0;
				PRODUCT_BUNDLE_IDENTIFIER = "online.sounddoctrine.Tests-iOS";
				PRODUCT_NAME = "$(TARGET_NAME)";
				SDKROOT = iphoneos;
				SWIFT_EMIT_LOC_STRINGS = NO;
				SWIFT_VERSION = 5.0;
				TARGETED_DEVICE_FAMILY = "1,2";
				TEST_TARGET_NAME = "SDO (iOS)";
			};
			name = Debug;
		};
		F1F0101B2800AF10005DC240 /* Release */ = {
			isa = XCBuildConfiguration;
			buildSettings = {
				CODE_SIGN_STYLE = Automatic;
				CURRENT_PROJECT_VERSION = 1;
				DEVELOPMENT_TEAM = A5U7V8A368;
				GENERATE_INFOPLIST_FILE = YES;
				IPHONEOS_DEPLOYMENT_TARGET = 16.0;
				LD_RUNPATH_SEARCH_PATHS = (
					"$(inherited)",
					"@executable_path/Frameworks",
					"@loader_path/Frameworks",
				);
				MARKETING_VERSION = 1.0;
				PRODUCT_BUNDLE_IDENTIFIER = "online.sounddoctrine.Tests-iOS";
				PRODUCT_NAME = "$(TARGET_NAME)";
				SDKROOT = iphoneos;
				SWIFT_EMIT_LOC_STRINGS = NO;
				SWIFT_VERSION = 5.0;
				TARGETED_DEVICE_FAMILY = "1,2";
				TEST_TARGET_NAME = "SDO (iOS)";
				VALIDATE_PRODUCT = YES;
			};
			name = Release;
		};
		F1F0101D2800AF10005DC240 /* Debug */ = {
			isa = XCBuildConfiguration;
			buildSettings = {
				CODE_SIGN_STYLE = Automatic;
				COMBINE_HIDPI_IMAGES = YES;
				CURRENT_PROJECT_VERSION = 1;
				DEVELOPMENT_TEAM = A5U7V8A368;
				GENERATE_INFOPLIST_FILE = YES;
				LD_RUNPATH_SEARCH_PATHS = (
					"$(inherited)",
					"@executable_path/../Frameworks",
					"@loader_path/../Frameworks",
				);
				MACOSX_DEPLOYMENT_TARGET = 11.3;
				MARKETING_VERSION = 1.0;
				PRODUCT_BUNDLE_IDENTIFIER = "online.sounddoctrine.Tests-macOS";
				PRODUCT_NAME = "$(TARGET_NAME)";
				SDKROOT = macosx;
				SWIFT_EMIT_LOC_STRINGS = NO;
				SWIFT_VERSION = 5.0;
				TEST_TARGET_NAME = "SDO (macOS)";
			};
			name = Debug;
		};
		F1F0101E2800AF10005DC240 /* Release */ = {
			isa = XCBuildConfiguration;
			buildSettings = {
				CODE_SIGN_STYLE = Automatic;
				COMBINE_HIDPI_IMAGES = YES;
				CURRENT_PROJECT_VERSION = 1;
				DEVELOPMENT_TEAM = A5U7V8A368;
				GENERATE_INFOPLIST_FILE = YES;
				LD_RUNPATH_SEARCH_PATHS = (
					"$(inherited)",
					"@executable_path/../Frameworks",
					"@loader_path/../Frameworks",
				);
				MACOSX_DEPLOYMENT_TARGET = 11.3;
				MARKETING_VERSION = 1.0;
				PRODUCT_BUNDLE_IDENTIFIER = "online.sounddoctrine.Tests-macOS";
				PRODUCT_NAME = "$(TARGET_NAME)";
				SDKROOT = macosx;
				SWIFT_EMIT_LOC_STRINGS = NO;
				SWIFT_VERSION = 5.0;
				TEST_TARGET_NAME = "SDO (macOS)";
			};
			name = Release;
		};
/* End XCBuildConfiguration section */

/* Begin XCConfigurationList section */
		5D733EC92DF5D38A00DB4823 /* Build configuration list for PBXNativeTarget "SDOTests" */ = {
			isa = XCConfigurationList;
			buildConfigurations = (
				5D733EC72DF5D38A00DB4823 /* Debug */,
				5D733EC82DF5D38A00DB4823 /* Release */,
			);
			defaultConfigurationIsVisible = 0;
			defaultConfigurationName = Release;
		};
		F1F00FE12800AF0E005DC240 /* Build configuration list for PBXProject "SDO" */ = {
			isa = XCConfigurationList;
			buildConfigurations = (
				F1F010112800AF10005DC240 /* Debug */,
				F1F010122800AF10005DC240 /* Release */,
			);
			defaultConfigurationIsVisible = 0;
			defaultConfigurationName = Release;
		};
		F1F010132800AF10005DC240 /* Build configuration list for PBXNativeTarget "SDO (iOS)" */ = {
			isa = XCConfigurationList;
			buildConfigurations = (
				F1F010142800AF10005DC240 /* Debug */,
				F1F010152800AF10005DC240 /* Release */,
			);
			defaultConfigurationIsVisible = 0;
			defaultConfigurationName = Release;
		};
		F1F010162800AF10005DC240 /* Build configuration list for PBXNativeTarget "SDO (macOS)" */ = {
			isa = XCConfigurationList;
			buildConfigurations = (
				F1F010172800AF10005DC240 /* Debug */,
				F1F010182800AF10005DC240 /* Release */,
			);
			defaultConfigurationIsVisible = 0;
			defaultConfigurationName = Release;
		};
		F1F010192800AF10005DC240 /* Build configuration list for PBXNativeTarget "Tests iOS" */ = {
			isa = XCConfigurationList;
			buildConfigurations = (
				F1F0101A2800AF10005DC240 /* Debug */,
				F1F0101B2800AF10005DC240 /* Release */,
			);
			defaultConfigurationIsVisible = 0;
			defaultConfigurationName = Release;
		};
		F1F0101C2800AF10005DC240 /* Build configuration list for PBXNativeTarget "Tests macOS" */ = {
			isa = XCConfigurationList;
			buildConfigurations = (
				F1F0101D2800AF10005DC240 /* Debug */,
				F1F0101E2800AF10005DC240 /* Release */,
			);
			defaultConfigurationIsVisible = 0;
			defaultConfigurationName = Release;
		};
/* End XCConfigurationList section */

/* Begin XCRemoteSwiftPackageReference section */
		F1838D072A67BFCE00DAAC79 /* XCRemoteSwiftPackageReference "lottie-spm" */ = {
			isa = XCRemoteSwiftPackageReference;
			repositoryURL = "https://github.com/airbnb/lottie-spm";
			requirement = {
				kind = upToNextMajorVersion;
				minimumVersion = 4.2.0;
			};
		};
		F1E493D32866FAB0008611D7 /* XCRemoteSwiftPackageReference "Kingfisher" */ = {
			isa = XCRemoteSwiftPackageReference;
			repositoryURL = "https://github.com/onevcat/Kingfisher.git";
			requirement = {
				kind = upToNextMajorVersion;
				minimumVersion = 7.0.0;
			};
		};
		F1E493E028679EB3008611D7 /* XCRemoteSwiftPackageReference "firebase-ios-sdk" */ = {
			isa = XCRemoteSwiftPackageReference;
			repositoryURL = "https://github.com/firebase/firebase-ios-sdk";
			requirement = {
				kind = upToNextMajorVersion;
				minimumVersion = 9.0.0;
			};
		};
		F1E494022868D064008611D7 /* XCRemoteSwiftPackageReference "GoogleSignIn-iOS" */ = {
			isa = XCRemoteSwiftPackageReference;
			repositoryURL = "https://github.com/google/GoogleSignIn-iOS.git";
			requirement = {
				kind = upToNextMajorVersion;
				minimumVersion = 6.0.0;
			};
		};
		F1EE14EC286EFB320020CD74 /* XCRemoteSwiftPackageReference "apollo-ios" */ = {
			isa = XCRemoteSwiftPackageReference;
			repositoryURL = "https://github.com/apollographql/apollo-ios";
			requirement = {
				kind = upToNextMajorVersion;
				minimumVersion = 0.9.5;
			};
		};
/* End XCRemoteSwiftPackageReference section */

/* Begin XCSwiftPackageProductDependency section */
		F139837D28821964004A2375 /* FirebaseDatabaseSwift */ = {
			isa = XCSwiftPackageProductDependency;
			package = F1E493E028679EB3008611D7 /* XCRemoteSwiftPackageReference "firebase-ios-sdk" */;
			productName = FirebaseDatabaseSwift;
		};
		F175038A2DF0C8C300887507 /* GoogleSignIn */ = {
			isa = XCSwiftPackageProductDependency;
			package = F1E494022868D064008611D7 /* XCRemoteSwiftPackageReference "GoogleSignIn-iOS" */;
			productName = GoogleSignIn;
		};
		F17D713D2DF0B08300E3FDBE /* FirebaseAuth */ = {
			isa = XCSwiftPackageProductDependency;
			package = F1E493E028679EB3008611D7 /* XCRemoteSwiftPackageReference "firebase-ios-sdk" */;
			productName = FirebaseAuth;
		};
		F1838D082A67BFCE00DAAC79 /* Lottie */ = {
			isa = XCSwiftPackageProductDependency;
			package = F1838D072A67BFCE00DAAC79 /* XCRemoteSwiftPackageReference "lottie-spm" */;
			productName = Lottie;
		};
		F1E493D42866FAB0008611D7 /* Kingfisher */ = {
			isa = XCSwiftPackageProductDependency;
			package = F1E493D32866FAB0008611D7 /* XCRemoteSwiftPackageReference "Kingfisher" */;
			productName = Kingfisher;
		};
		F1E493E128679EB3008611D7 /* FirebaseAuth */ = {
			isa = XCSwiftPackageProductDependency;
			package = F1E493E028679EB3008611D7 /* XCRemoteSwiftPackageReference "firebase-ios-sdk" */;
			productName = FirebaseAuth;
		};
		F1E493E528679EB3008611D7 /* FirebaseDynamicLinks */ = {
			isa = XCSwiftPackageProductDependency;
			package = F1E493E028679EB3008611D7 /* XCRemoteSwiftPackageReference "firebase-ios-sdk" */;
			productName = FirebaseDynamicLinks;
		};
		F1E493E928679EB3008611D7 /* FirebaseRemoteConfigSwift */ = {
			isa = XCSwiftPackageProductDependency;
			package = F1E493E028679EB3008611D7 /* XCRemoteSwiftPackageReference "firebase-ios-sdk" */;
			productName = FirebaseRemoteConfigSwift;
		};
		F1E493EB28679EB3008611D7 /* FirebaseStorage */ = {
			isa = XCSwiftPackageProductDependency;
			package = F1E493E028679EB3008611D7 /* XCRemoteSwiftPackageReference "firebase-ios-sdk" */;
			productName = FirebaseStorage;
		};
		F1E494032868D065008611D7 /* GoogleSignInSwift */ = {
			isa = XCSwiftPackageProductDependency;
			package = F1E494022868D064008611D7 /* XCRemoteSwiftPackageReference "GoogleSignIn-iOS" */;
			productName = GoogleSignInSwift;
		};
		F1EE14ED286EFB320020CD74 /* Apollo */ = {
			isa = XCSwiftPackageProductDependency;
			package = F1EE14EC286EFB320020CD74 /* XCRemoteSwiftPackageReference "apollo-ios" */;
			productName = Apollo;
		};
		F1EE14EF286EFB320020CD74 /* ApolloWebSocket */ = {
			isa = XCSwiftPackageProductDependency;
			package = F1EE14EC286EFB320020CD74 /* XCRemoteSwiftPackageReference "apollo-ios" */;
			productName = ApolloWebSocket;
		};
/* End XCSwiftPackageProductDependency section */
	};
	rootObject = F1F00FDE2800AF0E005DC240 /* Project object */;
}
